
Microsoft Visual Studio Solution File, Format Version 12.00
# Visual Studio 15
VisualStudioVersion = 15.0.26228.12
MinimumVisualStudioVersion = 10.0.40219.1
Project("{8BC9CEB8-8B4A-11D0-8D11-00A0C91BC942}") = "0_SDL_Window", "0_SDL_Window\0_SDL_Window.vcxproj", "{BAD28DBE-A88A-46D6-B960-D9FF71B9250D}"
EndProject
Project("{8BC9CEB8-8B4A-11D0-8D11-00A0C91BC942}") = "01_OpenGL", "01_OpenGL\01_OpenGL.vcxproj", "{85081691-CB96-4B42-945F-C02B171C32FE}"
EndProject
Project("{8BC9CEB8-8B4A-11D0-8D11-00A0C91BC942}") = "06_Mesh", "04_Transformations\04_Transformations.vcxproj", "{BDF51D68-70F0-4CD7-8080-E29EB6C6ED0E}"
EndProject
Project("{8BC9CEB8-8B4A-11D0-8D11-00A0C91BC942}") = "04_myTransformations", "06_Mesh\06_Mesh.vcxproj", "{98120DB2-90C0-4D96-B599-7C4B02E553C0}"
EndProject
Project("{8BC9CEB8-8B4A-11D0-8D11-00A0C91BC942}") = "10_Reflectance", "10_Reflectance\10_Reflectance.vcxproj", "{0B4A1712-CCAB-4339-A620-B8754141411D}"
EndProject
Project("{8BC9CEB8-8B4A-11D0-8D11-00A0C91BC942}") = "11_PostProcessing", "11_PostProcessing\11_PostProcessing.vcxproj", "{7C86E7AB-524B-4660-AA9E-074062B86DBE}"
EndProject
Project("{8BC9CEB8-8B4A-11D0-8D11-00A0C91BC942}") = "12_Physics", "12_Physics\12_Physics.vcxproj", "{1DB2583B-D336-4CDC-8DF9-83E8F9812732}"
EndProject
Global
	GlobalSection(SolutionConfigurationPlatforms) = preSolution
		Debug|x64 = Debug|x64
		Debug|x86 = Debug|x86
		Release|x64 = Release|x64
		Release|x86 = Release|x86
	EndGlobalSection
	GlobalSection(ProjectConfigurationPlatforms) = postSolution
		{BAD28DBE-A88A-46D6-B960-D9FF71B9250D}.Debug|x64.ActiveCfg = Debug|x64
		{BAD28DBE-A88A-46D6-B960-D9FF71B9250D}.Debug|x64.Build.0 = Debug|x64
		{BAD28DBE-A88A-46D6-B960-D9FF71B9250D}.Debug|x86.ActiveCfg = Debug|Win32
		{BAD28DBE-A88A-46D6-B960-D9FF71B9250D}.Debug|x86.Build.0 = Debug|Win32
		{BAD28DBE-A88A-46D6-B960-D9FF71B9250D}.Release|x64.ActiveCfg = Release|x64
		{BAD28DBE-A88A-46D6-B960-D9FF71B9250D}.Release|x64.Build.0 = Release|x64
		{BAD28DBE-A88A-46D6-B960-D9FF71B9250D}.Release|x86.ActiveCfg = Release|Win32
		{BAD28DBE-A88A-46D6-B960-D9FF71B9250D}.Release|x86.Build.0 = Release|Win32
		{85081691-CB96-4B42-945F-C02B171C32FE}.Debug|x64.ActiveCfg = Debug|x64
		{85081691-CB96-4B42-945F-C02B171C32FE}.Debug|x64.Build.0 = Debug|x64
		{85081691-CB96-4B42-945F-C02B171C32FE}.Debug|x86.ActiveCfg = Debug|Win32
		{85081691-CB96-4B42-945F-C02B171C32FE}.Debug|x86.Build.0 = Debug|Win32
		{85081691-CB96-4B42-945F-C02B171C32FE}.Release|x64.ActiveCfg = Release|x64
		{85081691-CB96-4B42-945F-C02B171C32FE}.Release|x64.Build.0 = Release|x64
		{85081691-CB96-4B42-945F-C02B171C32FE}.Release|x86.ActiveCfg = Release|Win32
		{85081691-CB96-4B42-945F-C02B171C32FE}.Release|x86.Build.0 = Release|Win32
		{BDF51D68-70F0-4CD7-8080-E29EB6C6ED0E}.Debug|x64.ActiveCfg = Debug|x64
		{BDF51D68-70F0-4CD7-8080-E29EB6C6ED0E}.Debug|x64.Build.0 = Debug|x64
		{BDF51D68-70F0-4CD7-8080-E29EB6C6ED0E}.Debug|x86.ActiveCfg = Debug|Win32
		{BDF51D68-70F0-4CD7-8080-E29EB6C6ED0E}.Debug|x86.Build.0 = Debug|Win32
		{BDF51D68-70F0-4CD7-8080-E29EB6C6ED0E}.Release|x64.ActiveCfg = Release|x64
		{BDF51D68-70F0-4CD7-8080-E29EB6C6ED0E}.Release|x64.Build.0 = Release|x64
		{BDF51D68-70F0-4CD7-8080-E29EB6C6ED0E}.Release|x86.ActiveCfg = Release|Win32
		{BDF51D68-70F0-4CD7-8080-E29EB6C6ED0E}.Release|x86.Build.0 = Release|Win32
		{98120DB2-90C0-4D96-B599-7C4B02E553C0}.Debug|x64.ActiveCfg = Debug|x64
		{98120DB2-90C0-4D96-B599-7C4B02E553C0}.Debug|x64.Build.0 = Debug|x64
		{98120DB2-90C0-4D96-B599-7C4B02E553C0}.Debug|x86.ActiveCfg = Debug|Win32
		{98120DB2-90C0-4D96-B599-7C4B02E553C0}.Debug|x86.Build.0 = Debug|Win32
		{98120DB2-90C0-4D96-B599-7C4B02E553C0}.Release|x64.ActiveCfg = Release|x64
		{98120DB2-90C0-4D96-B599-7C4B02E553C0}.Release|x64.Build.0 = Release|x64
		{98120DB2-90C0-4D96-B599-7C4B02E553C0}.Release|x86.ActiveCfg = Release|Win32
		{98120DB2-90C0-4D96-B599-7C4B02E553C0}.Release|x86.Build.0 = Release|Win32
		{0B4A1712-CCAB-4339-A620-B8754141411D}.Debug|x64.ActiveCfg = Debug|x64
		{0B4A1712-CCAB-4339-A620-B8754141411D}.Debug|x64.Build.0 = Debug|x64
		{0B4A1712-CCAB-4339-A620-B8754141411D}.Debug|x86.ActiveCfg = Debug|Win32
		{0B4A1712-CCAB-4339-A620-B8754141411D}.Debug|x86.Build.0 = Debug|Win32
		{0B4A1712-CCAB-4339-A620-B8754141411D}.Release|x64.ActiveCfg = Release|x64
		{0B4A1712-CCAB-4339-A620-B8754141411D}.Release|x64.Build.0 = Release|x64
		{0B4A1712-CCAB-4339-A620-B8754141411D}.Release|x86.ActiveCfg = Release|Win32
		{0B4A1712-CCAB-4339-A620-B8754141411D}.Release|x86.Build.0 = Release|Win32
		{7C86E7AB-524B-4660-AA9E-074062B86DBE}.Debug|x64.ActiveCfg = Debug|x64
		{7C86E7AB-524B-4660-AA9E-074062B86DBE}.Debug|x64.Build.0 = Debug|x64
		{7C86E7AB-524B-4660-AA9E-074062B86DBE}.Debug|x86.ActiveCfg = Debug|Win32
		{7C86E7AB-524B-4660-AA9E-074062B86DBE}.Debug|x86.Build.0 = Debug|Win32
		{7C86E7AB-524B-4660-AA9E-074062B86DBE}.Release|x64.ActiveCfg = Release|x64
		{7C86E7AB-524B-4660-AA9E-074062B86DBE}.Release|x64.Build.0 = Release|x64
		{7C86E7AB-524B-4660-AA9E-074062B86DBE}.Release|x86.ActiveCfg = Release|Win32
		{7C86E7AB-524B-4660-AA9E-074062B86DBE}.Release|x86.Build.0 = Release|Win32
		{1DB2583B-D336-4CDC-8DF9-83E8F9812732}.Debug|x64.ActiveCfg = Debug|x64
		{1DB2583B-D336-4CDC-8DF9-83E8F9812732}.Debug|x64.Build.0 = Debug|x64
		{1DB2583B-D336-4CDC-8DF9-83E8F9812732}.Debug|x86.ActiveCfg = Debug|Win32
		{1DB2583B-D336-4CDC-8DF9-83E8F9812732}.Debug|x86.Build.0 = Debug|Win32
		{1DB2583B-D336-4CDC-8DF9-83E8F9812732}.Release|x64.ActiveCfg = Release|x64
		{1DB2583B-D336-4CDC-8DF9-83E8F9812732}.Release|x64.Build.0 = Release|x64
		{1DB2583B-D336-4CDC-8DF9-83E8F9812732}.Release|x86.ActiveCfg = Release|Win32
		{1DB2583B-D336-4CDC-8DF9-83E8F9812732}.Release|x86.Build.0 = Release|Win32
	EndGlobalSection
	GlobalSection(SolutionProperties) = preSolution
		HideSolutionNode = FALSE
	EndGlobalSection
	GlobalSection(ExtensibilityGlobals) = postSolution
		SolutionGuid = {6F3C20C6-35D0-4C26-8666-E9807910E916}
	EndGlobalSection
EndGlobal
