
Microsoft Visual Studio Solution File, Format Version 11.00
# Visual Studio 2010
Project("{8BC9CEB8-8B4A-11D0-8D11-00A0C91BC942}") = "App_BulletExampleBrowser", "App_BulletExampleBrowser.vcxproj", "{CE3B5C54-6CDD-2B48-AC22-57C8EA64A9E9}"
	ProjectSection(ProjectDependencies) = postProject
		{C77D5171-6CF0-2545-8AF5-632689232D15} = {C77D5171-6CF0-2545-8AF5-632689232D15}
		{B26AB359-48C7-8A43-8F82-8EFFF3E48CA0} = {B26AB359-48C7-8A43-8F82-8EFFF3E48CA0}
		{596D8257-07BD-B343-9BB0-E0F3718D6109} = {596D8257-07BD-B343-9BB0-E0F3718D6109}
		{394EF1EF-F775-5E42-81D0-14AA6CCA1BAF} = {394EF1EF-F775-5E42-81D0-14AA6CCA1BAF}
		{28052744-7062-A04F-A38C-51B0BD4C53F8} = {28052744-7062-A04F-A38C-51B0BD4C53F8}
		{AC4A8F5A-821D-3647-AF23-C014AF8A5EA3} = {AC4A8F5A-821D-3647-AF23-C014AF8A5EA3}
		{F7B5104F-7779-7A40-AF14-05298FE90B50} = {F7B5104F-7779-7A40-AF14-05298FE90B50}
		{D5DEAA33-A732-0C4A-8446-B2133DE96B68} = {D5DEAA33-A732-0C4A-8446-B2133DE96B68}
		{82DDF492-F35E-8947-9BA5-0DAEC972F690} = {82DDF492-F35E-8947-9BA5-0DAEC972F690}
		{41E7F666-32F8-9E42-BC88-1C7EFD52AE53} = {41E7F666-32F8-9E42-BC88-1C7EFD52AE53}
		{B4226709-349D-6D42-A5D3-8B1021656031} = {B4226709-349D-6D42-A5D3-8B1021656031}
		{6DD6BAC3-AEE0-9C4B-97B1-D2FDAA98AD3C} = {6DD6BAC3-AEE0-9C4B-97B1-D2FDAA98AD3C}
		{3AD01372-0CD6-3E44-84B8-1406DB483408} = {3AD01372-0CD6-3E44-84B8-1406DB483408}
		{20340C6E-AF15-8145-A97D-B87F54B62745} = {20340C6E-AF15-8145-A97D-B87F54B62745}
		{74E25276-EDEB-9646-A07D-E2DBAF5748D5} = {74E25276-EDEB-9646-A07D-E2DBAF5748D5}
	EndProjectSection
EndProject
Project("{8BC9CEB8-8B4A-11D0-8D11-00A0C91BC942}") = "BulletExampleBrowserLib", "BulletExampleBrowserLib.vcxproj", "{C77D5171-6CF0-2545-8AF5-632689232D15}"
EndProject
Project("{8BC9CEB8-8B4A-11D0-8D11-00A0C91BC942}") = "App_RobotSimulator", "App_RobotSimulator.vcxproj", "{3942C042-C380-4941-A569-2C54EA19D7AE}"
	ProjectSection(ProjectDependencies) = postProject
		{C77D5171-6CF0-2545-8AF5-632689232D15} = {C77D5171-6CF0-2545-8AF5-632689232D15}
		{B26AB359-48C7-8A43-8F82-8EFFF3E48CA0} = {B26AB359-48C7-8A43-8F82-8EFFF3E48CA0}
		{596D8257-07BD-B343-9BB0-E0F3718D6109} = {596D8257-07BD-B343-9BB0-E0F3718D6109}
		{167A530C-B111-124D-90B9-1904EEBB02CD} = {167A530C-B111-124D-90B9-1904EEBB02CD}
		{96D88052-33E1-BC46-BC23-695D1DB3E4FA} = {96D88052-33E1-BC46-BC23-695D1DB3E4FA}
		{394EF1EF-F775-5E42-81D0-14AA6CCA1BAF} = {394EF1EF-F775-5E42-81D0-14AA6CCA1BAF}
		{28052744-7062-A04F-A38C-51B0BD4C53F8} = {28052744-7062-A04F-A38C-51B0BD4C53F8}
		{AC4A8F5A-821D-3647-AF23-C014AF8A5EA3} = {AC4A8F5A-821D-3647-AF23-C014AF8A5EA3}
		{F7B5104F-7779-7A40-AF14-05298FE90B50} = {F7B5104F-7779-7A40-AF14-05298FE90B50}
		{D5DEAA33-A732-0C4A-8446-B2133DE96B68} = {D5DEAA33-A732-0C4A-8446-B2133DE96B68}
		{82DDF492-F35E-8947-9BA5-0DAEC972F690} = {82DDF492-F35E-8947-9BA5-0DAEC972F690}
		{41E7F666-32F8-9E42-BC88-1C7EFD52AE53} = {41E7F666-32F8-9E42-BC88-1C7EFD52AE53}
		{B4226709-349D-6D42-A5D3-8B1021656031} = {B4226709-349D-6D42-A5D3-8B1021656031}
		{6DD6BAC3-AEE0-9C4B-97B1-D2FDAA98AD3C} = {6DD6BAC3-AEE0-9C4B-97B1-D2FDAA98AD3C}
		{3AD01372-0CD6-3E44-84B8-1406DB483408} = {3AD01372-0CD6-3E44-84B8-1406DB483408}
		{20340C6E-AF15-8145-A97D-B87F54B62745} = {20340C6E-AF15-8145-A97D-B87F54B62745}
		{74E25276-EDEB-9646-A07D-E2DBAF5748D5} = {74E25276-EDEB-9646-A07D-E2DBAF5748D5}
		{43B0CAEA-E715-A940-9F00-5C8A4309D258} = {43B0CAEA-E715-A940-9F00-5C8A4309D258}
		{A75DC748-BD0B-7F4E-BD4F-CF719BDB5E09} = {A75DC748-BD0B-7F4E-BD4F-CF719BDB5E09}
	EndProjectSection
EndProject
Project("{8BC9CEB8-8B4A-11D0-8D11-00A0C91BC942}") = "OpenGL_Window", "OpenGL_Window.vcxproj", "{596D8257-07BD-B343-9BB0-E0F3718D6109}"
EndProject
Project("{8BC9CEB8-8B4A-11D0-8D11-00A0C91BC942}") = "gwen", "gwen.vcxproj", "{B26AB359-48C7-8A43-8F82-8EFFF3E48CA0}"
EndProject
Project("{8BC9CEB8-8B4A-11D0-8D11-00A0C91BC942}") = "App_HelloWorld", "App_HelloWorld.vcxproj", "{92377FCC-7BF8-D042-AC44-BDA9B5C3BC76}"
	ProjectSection(ProjectDependencies) = postProject
		{F7B5104F-7779-7A40-AF14-05298FE90B50} = {F7B5104F-7779-7A40-AF14-05298FE90B50}
		{D5DEAA33-A732-0C4A-8446-B2133DE96B68} = {D5DEAA33-A732-0C4A-8446-B2133DE96B68}
		{82DDF492-F35E-8947-9BA5-0DAEC972F690} = {82DDF492-F35E-8947-9BA5-0DAEC972F690}
	EndProjectSection
EndProject
Project("{8BC9CEB8-8B4A-11D0-8D11-00A0C91BC942}") = "App_PhysicsServer_SharedMemory", "App_PhysicsServer_SharedMemory.vcxproj", "{5195D758-8E97-D442-9596-63014741288B}"
	ProjectSection(ProjectDependencies) = postProject
		{B4226709-349D-6D42-A5D3-8B1021656031} = {B4226709-349D-6D42-A5D3-8B1021656031}
		{28052744-7062-A04F-A38C-51B0BD4C53F8} = {28052744-7062-A04F-A38C-51B0BD4C53F8}
		{AC4A8F5A-821D-3647-AF23-C014AF8A5EA3} = {AC4A8F5A-821D-3647-AF23-C014AF8A5EA3}
		{F7B5104F-7779-7A40-AF14-05298FE90B50} = {F7B5104F-7779-7A40-AF14-05298FE90B50}
		{D5DEAA33-A732-0C4A-8446-B2133DE96B68} = {D5DEAA33-A732-0C4A-8446-B2133DE96B68}
		{82DDF492-F35E-8947-9BA5-0DAEC972F690} = {82DDF492-F35E-8947-9BA5-0DAEC972F690}
		{41E7F666-32F8-9E42-BC88-1C7EFD52AE53} = {41E7F666-32F8-9E42-BC88-1C7EFD52AE53}
	EndProjectSection
EndProject
Project("{8BC9CEB8-8B4A-11D0-8D11-00A0C91BC942}") = "App_PhysicsServer_SharedMemory_GUI", "App_PhysicsServer_SharedMemory_GUI.vcxproj", "{692F961E-9CBF-2746-96F5-F7691ACC92F5}"
	ProjectSection(ProjectDependencies) = postProject
		{28052744-7062-A04F-A38C-51B0BD4C53F8} = {28052744-7062-A04F-A38C-51B0BD4C53F8}
		{AC4A8F5A-821D-3647-AF23-C014AF8A5EA3} = {AC4A8F5A-821D-3647-AF23-C014AF8A5EA3}
		{F7B5104F-7779-7A40-AF14-05298FE90B50} = {F7B5104F-7779-7A40-AF14-05298FE90B50}
		{D5DEAA33-A732-0C4A-8446-B2133DE96B68} = {D5DEAA33-A732-0C4A-8446-B2133DE96B68}
		{82DDF492-F35E-8947-9BA5-0DAEC972F690} = {82DDF492-F35E-8947-9BA5-0DAEC972F690}
		{596D8257-07BD-B343-9BB0-E0F3718D6109} = {596D8257-07BD-B343-9BB0-E0F3718D6109}
		{B4226709-349D-6D42-A5D3-8B1021656031} = {B4226709-349D-6D42-A5D3-8B1021656031}
		{41E7F666-32F8-9E42-BC88-1C7EFD52AE53} = {41E7F666-32F8-9E42-BC88-1C7EFD52AE53}
	EndProjectSection
EndProject
Project("{8BC9CEB8-8B4A-11D0-8D11-00A0C91BC942}") = "App_PhysicsServer_SharedMemory_VR", "App_PhysicsServer_SharedMemory_VR.vcxproj", "{8C1ADC3D-1966-7547-ADEC-F008C7F17E26}"
	ProjectSection(ProjectDependencies) = postProject
		{28052744-7062-A04F-A38C-51B0BD4C53F8} = {28052744-7062-A04F-A38C-51B0BD4C53F8}
		{AC4A8F5A-821D-3647-AF23-C014AF8A5EA3} = {AC4A8F5A-821D-3647-AF23-C014AF8A5EA3}
		{B4226709-349D-6D42-A5D3-8B1021656031} = {B4226709-349D-6D42-A5D3-8B1021656031}
		{F7B5104F-7779-7A40-AF14-05298FE90B50} = {F7B5104F-7779-7A40-AF14-05298FE90B50}
		{D5DEAA33-A732-0C4A-8446-B2133DE96B68} = {D5DEAA33-A732-0C4A-8446-B2133DE96B68}
		{82DDF492-F35E-8947-9BA5-0DAEC972F690} = {82DDF492-F35E-8947-9BA5-0DAEC972F690}
		{596D8257-07BD-B343-9BB0-E0F3718D6109} = {596D8257-07BD-B343-9BB0-E0F3718D6109}
		{41E7F666-32F8-9E42-BC88-1C7EFD52AE53} = {41E7F666-32F8-9E42-BC88-1C7EFD52AE53}
	EndProjectSection
EndProject
Project("{8BC9CEB8-8B4A-11D0-8D11-00A0C91BC942}") = "App_PhysicsServerSharedMemoryBridgeUDP", "App_PhysicsServerSharedMemoryBridgeUDP.vcxproj", "{F4CC4BD9-4236-F546-B81E-11AD057678E0}"
	ProjectSection(ProjectDependencies) = postProject
		{43B0CAEA-E715-A940-9F00-5C8A4309D258} = {43B0CAEA-E715-A940-9F00-5C8A4309D258}
		{167A530C-B111-124D-90B9-1904EEBB02CD} = {167A530C-B111-124D-90B9-1904EEBB02CD}
		{B4226709-349D-6D42-A5D3-8B1021656031} = {B4226709-349D-6D42-A5D3-8B1021656031}
		{82DDF492-F35E-8947-9BA5-0DAEC972F690} = {82DDF492-F35E-8947-9BA5-0DAEC972F690}
	EndProjectSection
EndProject
Project("{8BC9CEB8-8B4A-11D0-8D11-00A0C91BC942}") = "App_PhysicsServerUDP", "App_PhysicsServerUDP.vcxproj", "{EBE0240A-7753-C947-B21A-E28DA8300F82}"
	ProjectSection(ProjectDependencies) = postProject
		{43B0CAEA-E715-A940-9F00-5C8A4309D258} = {43B0CAEA-E715-A940-9F00-5C8A4309D258}
		{B4226709-349D-6D42-A5D3-8B1021656031} = {B4226709-349D-6D42-A5D3-8B1021656031}
		{28052744-7062-A04F-A38C-51B0BD4C53F8} = {28052744-7062-A04F-A38C-51B0BD4C53F8}
		{AC4A8F5A-821D-3647-AF23-C014AF8A5EA3} = {AC4A8F5A-821D-3647-AF23-C014AF8A5EA3}
		{F7B5104F-7779-7A40-AF14-05298FE90B50} = {F7B5104F-7779-7A40-AF14-05298FE90B50}
		{D5DEAA33-A732-0C4A-8446-B2133DE96B68} = {D5DEAA33-A732-0C4A-8446-B2133DE96B68}
		{82DDF492-F35E-8947-9BA5-0DAEC972F690} = {82DDF492-F35E-8947-9BA5-0DAEC972F690}
		{41E7F666-32F8-9E42-BC88-1C7EFD52AE53} = {41E7F666-32F8-9E42-BC88-1C7EFD52AE53}
	EndProjectSection
EndProject
Project("{8BC9CEB8-8B4A-11D0-8D11-00A0C91BC942}") = "App_PhysicsServerSharedMemoryBridgeTCP", "App_PhysicsServerSharedMemoryBridgeTCP.vcxproj", "{DDCE7328-8777-BA47-B08A-BDD83CFCF9E8}"
	ProjectSection(ProjectDependencies) = postProject
		{A75DC748-BD0B-7F4E-BD4F-CF719BDB5E09} = {A75DC748-BD0B-7F4E-BD4F-CF719BDB5E09}
		{167A530C-B111-124D-90B9-1904EEBB02CD} = {167A530C-B111-124D-90B9-1904EEBB02CD}
		{B4226709-349D-6D42-A5D3-8B1021656031} = {B4226709-349D-6D42-A5D3-8B1021656031}
		{82DDF492-F35E-8947-9BA5-0DAEC972F690} = {82DDF492-F35E-8947-9BA5-0DAEC972F690}
	EndProjectSection
EndProject
Project("{8BC9CEB8-8B4A-11D0-8D11-00A0C91BC942}") = "App_PhysicsServerTCP", "App_PhysicsServerTCP.vcxproj", "{788D428B-97BE-2740-854B-F7572D75BF72}"
	ProjectSection(ProjectDependencies) = postProject
		{A75DC748-BD0B-7F4E-BD4F-CF719BDB5E09} = {A75DC748-BD0B-7F4E-BD4F-CF719BDB5E09}
		{B4226709-349D-6D42-A5D3-8B1021656031} = {B4226709-349D-6D42-A5D3-8B1021656031}
		{28052744-7062-A04F-A38C-51B0BD4C53F8} = {28052744-7062-A04F-A38C-51B0BD4C53F8}
		{AC4A8F5A-821D-3647-AF23-C014AF8A5EA3} = {AC4A8F5A-821D-3647-AF23-C014AF8A5EA3}
		{F7B5104F-7779-7A40-AF14-05298FE90B50} = {F7B5104F-7779-7A40-AF14-05298FE90B50}
		{D5DEAA33-A732-0C4A-8446-B2133DE96B68} = {D5DEAA33-A732-0C4A-8446-B2133DE96B68}
		{82DDF492-F35E-8947-9BA5-0DAEC972F690} = {82DDF492-F35E-8947-9BA5-0DAEC972F690}
		{41E7F666-32F8-9E42-BC88-1C7EFD52AE53} = {41E7F666-32F8-9E42-BC88-1C7EFD52AE53}
	EndProjectSection
EndProject
Project("{8BC9CEB8-8B4A-11D0-8D11-00A0C91BC942}") = "pybullet_testplugin", "pybullet_testplugin.vcxproj", "{B50F0DDA-719B-844E-A305-7B68EBADD3BA}"
	ProjectSection(ProjectDependencies) = postProject
		{167A530C-B111-124D-90B9-1904EEBB02CD} = {167A530C-B111-124D-90B9-1904EEBB02CD}
		{B4226709-349D-6D42-A5D3-8B1021656031} = {B4226709-349D-6D42-A5D3-8B1021656031}
		{82DDF492-F35E-8947-9BA5-0DAEC972F690} = {82DDF492-F35E-8947-9BA5-0DAEC972F690}
	EndProjectSection
EndProject
Project("{8BC9CEB8-8B4A-11D0-8D11-00A0C91BC942}") = "pybullet_vrSyncPlugin", "pybullet_vrSyncPlugin.vcxproj", "{844E5347-F1EC-F440-854A-C0D6350B6D95}"
	ProjectSection(ProjectDependencies) = postProject
		{167A530C-B111-124D-90B9-1904EEBB02CD} = {167A530C-B111-124D-90B9-1904EEBB02CD}
		{B4226709-349D-6D42-A5D3-8B1021656031} = {B4226709-349D-6D42-A5D3-8B1021656031}
		{82DDF492-F35E-8947-9BA5-0DAEC972F690} = {82DDF492-F35E-8947-9BA5-0DAEC972F690}
	EndProjectSection
EndProject
Project("{8BC9CEB8-8B4A-11D0-8D11-00A0C91BC942}") = "BussIK", "BussIK.vcxproj", "{41E7F666-32F8-9E42-BC88-1C7EFD52AE53}"
EndProject
Project("{8BC9CEB8-8B4A-11D0-8D11-00A0C91BC942}") = "pybullet", "pybullet.vcxproj", "{AC8223A2-BA50-724B-9115-7B51955D4A61}"
	ProjectSection(ProjectDependencies) = postProject
		{C77D5171-6CF0-2545-8AF5-632689232D15} = {C77D5171-6CF0-2545-8AF5-632689232D15}
		{B26AB359-48C7-8A43-8F82-8EFFF3E48CA0} = {B26AB359-48C7-8A43-8F82-8EFFF3E48CA0}
		{167A530C-B111-124D-90B9-1904EEBB02CD} = {167A530C-B111-124D-90B9-1904EEBB02CD}
		{96D88052-33E1-BC46-BC23-695D1DB3E4FA} = {96D88052-33E1-BC46-BC23-695D1DB3E4FA}
		{596D8257-07BD-B343-9BB0-E0F3718D6109} = {596D8257-07BD-B343-9BB0-E0F3718D6109}
		{394EF1EF-F775-5E42-81D0-14AA6CCA1BAF} = {394EF1EF-F775-5E42-81D0-14AA6CCA1BAF}
		{28052744-7062-A04F-A38C-51B0BD4C53F8} = {28052744-7062-A04F-A38C-51B0BD4C53F8}
		{AC4A8F5A-821D-3647-AF23-C014AF8A5EA3} = {AC4A8F5A-821D-3647-AF23-C014AF8A5EA3}
		{F7B5104F-7779-7A40-AF14-05298FE90B50} = {F7B5104F-7779-7A40-AF14-05298FE90B50}
		{D5DEAA33-A732-0C4A-8446-B2133DE96B68} = {D5DEAA33-A732-0C4A-8446-B2133DE96B68}
		{82DDF492-F35E-8947-9BA5-0DAEC972F690} = {82DDF492-F35E-8947-9BA5-0DAEC972F690}
		{41E7F666-32F8-9E42-BC88-1C7EFD52AE53} = {41E7F666-32F8-9E42-BC88-1C7EFD52AE53}
		{B4226709-349D-6D42-A5D3-8B1021656031} = {B4226709-349D-6D42-A5D3-8B1021656031}
		{6DD6BAC3-AEE0-9C4B-97B1-D2FDAA98AD3C} = {6DD6BAC3-AEE0-9C4B-97B1-D2FDAA98AD3C}
		{3AD01372-0CD6-3E44-84B8-1406DB483408} = {3AD01372-0CD6-3E44-84B8-1406DB483408}
		{20340C6E-AF15-8145-A97D-B87F54B62745} = {20340C6E-AF15-8145-A97D-B87F54B62745}
		{74E25276-EDEB-9646-A07D-E2DBAF5748D5} = {74E25276-EDEB-9646-A07D-E2DBAF5748D5}
		{43B0CAEA-E715-A940-9F00-5C8A4309D258} = {43B0CAEA-E715-A940-9F00-5C8A4309D258}
		{A75DC748-BD0B-7F4E-BD4F-CF719BDB5E09} = {A75DC748-BD0B-7F4E-BD4F-CF719BDB5E09}
	EndProjectSection
EndProject
Project("{8BC9CEB8-8B4A-11D0-8D11-00A0C91BC942}") = "App_SimpleOpenGL3", "App_SimpleOpenGL3.vcxproj", "{A129B784-25E2-174F-801C-F455A95E0126}"
	ProjectSection(ProjectDependencies) = postProject
		{596D8257-07BD-B343-9BB0-E0F3718D6109} = {596D8257-07BD-B343-9BB0-E0F3718D6109}
		{B4226709-349D-6D42-A5D3-8B1021656031} = {B4226709-349D-6D42-A5D3-8B1021656031}
	EndProjectSection
EndProject
Project("{8BC9CEB8-8B4A-11D0-8D11-00A0C91BC942}") = "Test_SharedMemoryPhysicsClient", "Test_SharedMemoryPhysicsClient.vcxproj", "{3B7B69DC-E812-1642-A57B-41F663920D01}"
	ProjectSection(ProjectDependencies) = postProject
		{167A530C-B111-124D-90B9-1904EEBB02CD} = {167A530C-B111-124D-90B9-1904EEBB02CD}
		{B4226709-349D-6D42-A5D3-8B1021656031} = {B4226709-349D-6D42-A5D3-8B1021656031}
		{82DDF492-F35E-8947-9BA5-0DAEC972F690} = {82DDF492-F35E-8947-9BA5-0DAEC972F690}
	EndProjectSection
EndProject
Project("{8BC9CEB8-8B4A-11D0-8D11-00A0C91BC942}") = "Test_PhysicsClientUDP", "Test_PhysicsClientUDP.vcxproj", "{E90DB0F3-7017-1F4C-B31B-664FEFBF5D82}"
	ProjectSection(ProjectDependencies) = postProject
		{43B0CAEA-E715-A940-9F00-5C8A4309D258} = {43B0CAEA-E715-A940-9F00-5C8A4309D258}
		{167A530C-B111-124D-90B9-1904EEBB02CD} = {167A530C-B111-124D-90B9-1904EEBB02CD}
		{B4226709-349D-6D42-A5D3-8B1021656031} = {B4226709-349D-6D42-A5D3-8B1021656031}
		{82DDF492-F35E-8947-9BA5-0DAEC972F690} = {82DDF492-F35E-8947-9BA5-0DAEC972F690}
	EndProjectSection
EndProject
Project("{8BC9CEB8-8B4A-11D0-8D11-00A0C91BC942}") = "Test_PhysicsClientTCP", "Test_PhysicsClientTCP.vcxproj", "{8A723ED1-E061-D34C-987C-B7294752EACD}"
	ProjectSection(ProjectDependencies) = postProject
		{A75DC748-BD0B-7F4E-BD4F-CF719BDB5E09} = {A75DC748-BD0B-7F4E-BD4F-CF719BDB5E09}
		{167A530C-B111-124D-90B9-1904EEBB02CD} = {167A530C-B111-124D-90B9-1904EEBB02CD}
		{B4226709-349D-6D42-A5D3-8B1021656031} = {B4226709-349D-6D42-A5D3-8B1021656031}
		{82DDF492-F35E-8947-9BA5-0DAEC972F690} = {82DDF492-F35E-8947-9BA5-0DAEC972F690}
	EndProjectSection
EndProject
Project("{8BC9CEB8-8B4A-11D0-8D11-00A0C91BC942}") = "Test_PhysicsServerLoopBack", "Test_PhysicsServerLoopBack.vcxproj", "{B5C39CF6-A33D-BD40-9FB0-F27B3259FCEA}"
	ProjectSection(ProjectDependencies) = postProject
		{28052744-7062-A04F-A38C-51B0BD4C53F8} = {28052744-7062-A04F-A38C-51B0BD4C53F8}
		{AC4A8F5A-821D-3647-AF23-C014AF8A5EA3} = {AC4A8F5A-821D-3647-AF23-C014AF8A5EA3}
		{167A530C-B111-124D-90B9-1904EEBB02CD} = {167A530C-B111-124D-90B9-1904EEBB02CD}
		{96D88052-33E1-BC46-BC23-695D1DB3E4FA} = {96D88052-33E1-BC46-BC23-695D1DB3E4FA}
		{B4226709-349D-6D42-A5D3-8B1021656031} = {B4226709-349D-6D42-A5D3-8B1021656031}
		{F7B5104F-7779-7A40-AF14-05298FE90B50} = {F7B5104F-7779-7A40-AF14-05298FE90B50}
		{D5DEAA33-A732-0C4A-8446-B2133DE96B68} = {D5DEAA33-A732-0C4A-8446-B2133DE96B68}
		{41E7F666-32F8-9E42-BC88-1C7EFD52AE53} = {41E7F666-32F8-9E42-BC88-1C7EFD52AE53}
		{82DDF492-F35E-8947-9BA5-0DAEC972F690} = {82DDF492-F35E-8947-9BA5-0DAEC972F690}
	EndProjectSection
EndProject
Project("{8BC9CEB8-8B4A-11D0-8D11-00A0C91BC942}") = "Test_PhysicsServerDirect", "Test_PhysicsServerDirect.vcxproj", "{FA64F410-416C-074D-8EA5-91F28FBCC2BE}"
	ProjectSection(ProjectDependencies) = postProject
		{28052744-7062-A04F-A38C-51B0BD4C53F8} = {28052744-7062-A04F-A38C-51B0BD4C53F8}
		{AC4A8F5A-821D-3647-AF23-C014AF8A5EA3} = {AC4A8F5A-821D-3647-AF23-C014AF8A5EA3}
		{167A530C-B111-124D-90B9-1904EEBB02CD} = {167A530C-B111-124D-90B9-1904EEBB02CD}
		{96D88052-33E1-BC46-BC23-695D1DB3E4FA} = {96D88052-33E1-BC46-BC23-695D1DB3E4FA}
		{B4226709-349D-6D42-A5D3-8B1021656031} = {B4226709-349D-6D42-A5D3-8B1021656031}
		{F7B5104F-7779-7A40-AF14-05298FE90B50} = {F7B5104F-7779-7A40-AF14-05298FE90B50}
		{D5DEAA33-A732-0C4A-8446-B2133DE96B68} = {D5DEAA33-A732-0C4A-8446-B2133DE96B68}
		{41E7F666-32F8-9E42-BC88-1C7EFD52AE53} = {41E7F666-32F8-9E42-BC88-1C7EFD52AE53}
		{82DDF492-F35E-8947-9BA5-0DAEC972F690} = {82DDF492-F35E-8947-9BA5-0DAEC972F690}
	EndProjectSection
EndProject
Project("{8BC9CEB8-8B4A-11D0-8D11-00A0C91BC942}") = "Test_PhysicsServerInProcessExampleBrowser", "Test_PhysicsServerInProcessExampleBrowser.vcxproj", "{D69CC6EE-A302-D446-BD8D-BD78D59B796A}"
	ProjectSection(ProjectDependencies) = postProject
		{C77D5171-6CF0-2545-8AF5-632689232D15} = {C77D5171-6CF0-2545-8AF5-632689232D15}
		{B26AB359-48C7-8A43-8F82-8EFFF3E48CA0} = {B26AB359-48C7-8A43-8F82-8EFFF3E48CA0}
		{596D8257-07BD-B343-9BB0-E0F3718D6109} = {596D8257-07BD-B343-9BB0-E0F3718D6109}
		{167A530C-B111-124D-90B9-1904EEBB02CD} = {167A530C-B111-124D-90B9-1904EEBB02CD}
		{96D88052-33E1-BC46-BC23-695D1DB3E4FA} = {96D88052-33E1-BC46-BC23-695D1DB3E4FA}
		{394EF1EF-F775-5E42-81D0-14AA6CCA1BAF} = {394EF1EF-F775-5E42-81D0-14AA6CCA1BAF}
		{28052744-7062-A04F-A38C-51B0BD4C53F8} = {28052744-7062-A04F-A38C-51B0BD4C53F8}
		{AC4A8F5A-821D-3647-AF23-C014AF8A5EA3} = {AC4A8F5A-821D-3647-AF23-C014AF8A5EA3}
		{F7B5104F-7779-7A40-AF14-05298FE90B50} = {F7B5104F-7779-7A40-AF14-05298FE90B50}
		{D5DEAA33-A732-0C4A-8446-B2133DE96B68} = {D5DEAA33-A732-0C4A-8446-B2133DE96B68}
		{82DDF492-F35E-8947-9BA5-0DAEC972F690} = {82DDF492-F35E-8947-9BA5-0DAEC972F690}
		{41E7F666-32F8-9E42-BC88-1C7EFD52AE53} = {41E7F666-32F8-9E42-BC88-1C7EFD52AE53}
		{B4226709-349D-6D42-A5D3-8B1021656031} = {B4226709-349D-6D42-A5D3-8B1021656031}
		{6DD6BAC3-AEE0-9C4B-97B1-D2FDAA98AD3C} = {6DD6BAC3-AEE0-9C4B-97B1-D2FDAA98AD3C}
		{3AD01372-0CD6-3E44-84B8-1406DB483408} = {3AD01372-0CD6-3E44-84B8-1406DB483408}
		{20340C6E-AF15-8145-A97D-B87F54B62745} = {20340C6E-AF15-8145-A97D-B87F54B62745}
		{74E25276-EDEB-9646-A07D-E2DBAF5748D5} = {74E25276-EDEB-9646-A07D-E2DBAF5748D5}
	EndProjectSection
EndProject
Project("{8BC9CEB8-8B4A-11D0-8D11-00A0C91BC942}") = "rtMidiTest", "rtMidiTest.vcxproj", "{6D6C2E1E-94D0-5742-85D1-EB9A1B8055E5}"
EndProject
Project("{8BC9CEB8-8B4A-11D0-8D11-00A0C91BC942}") = "clsocket", "clsocket.vcxproj", "{A75DC748-BD0B-7F4E-BD4F-CF719BDB5E09}"
EndProject
Project("{8BC9CEB8-8B4A-11D0-8D11-00A0C91BC942}") = "Test_clsocket_EchoServer", "Test_clsocket_EchoServer.vcxproj", "{36FC27A8-0AE8-C64C-8F09-E6D40432A1F2}"
	ProjectSection(ProjectDependencies) = postProject
		{A75DC748-BD0B-7F4E-BD4F-CF719BDB5E09} = {A75DC748-BD0B-7F4E-BD4F-CF719BDB5E09}
	EndProjectSection
EndProject
Project("{8BC9CEB8-8B4A-11D0-8D11-00A0C91BC942}") = "Test_clsocket_QueryDayTime", "Test_clsocket_QueryDayTime.vcxproj", "{02C20AF9-2688-3A4E-A1E6-F56562C438BD}"
	ProjectSection(ProjectDependencies) = postProject
		{A75DC748-BD0B-7F4E-BD4F-CF719BDB5E09} = {A75DC748-BD0B-7F4E-BD4F-CF719BDB5E09}
	EndProjectSection
EndProject
Project("{8BC9CEB8-8B4A-11D0-8D11-00A0C91BC942}") = "enet", "enet.vcxproj", "{43B0CAEA-E715-A940-9F00-5C8A4309D258}"
EndProject
Project("{8BC9CEB8-8B4A-11D0-8D11-00A0C91BC942}") = "Test_enet_nat_punchthrough_client", "Test_enet_nat_punchthrough_client.vcxproj", "{86678139-4F41-2045-87DA-0B8D8515D2C7}"
	ProjectSection(ProjectDependencies) = postProject
		{43B0CAEA-E715-A940-9F00-5C8A4309D258} = {43B0CAEA-E715-A940-9F00-5C8A4309D258}
	EndProjectSection
EndProject
Project("{8BC9CEB8-8B4A-11D0-8D11-00A0C91BC942}") = "Test_enet_nat_punchthrough_server", "Test_enet_nat_punchthrough_server.vcxproj", "{B27FCCEE-C5D8-0048-8E2A-438B2A07AEBB}"
	ProjectSection(ProjectDependencies) = postProject
		{43B0CAEA-E715-A940-9F00-5C8A4309D258} = {43B0CAEA-E715-A940-9F00-5C8A4309D258}
	EndProjectSection
EndProject
Project("{8BC9CEB8-8B4A-11D0-8D11-00A0C91BC942}") = "Test_enet_chat_client", "Test_enet_chat_client.vcxproj", "{02E432D0-3978-4F40-96F1-27AA26C28BC0}"
	ProjectSection(ProjectDependencies) = postProject
		{43B0CAEA-E715-A940-9F00-5C8A4309D258} = {43B0CAEA-E715-A940-9F00-5C8A4309D258}
	EndProjectSection
EndProject
Project("{8BC9CEB8-8B4A-11D0-8D11-00A0C91BC942}") = "Test_enet_chat_server", "Test_enet_chat_server.vcxproj", "{BE165C98-6A97-B943-8E36-DA4DA505125D}"
	ProjectSection(ProjectDependencies) = postProject
		{43B0CAEA-E715-A940-9F00-5C8A4309D258} = {43B0CAEA-E715-A940-9F00-5C8A4309D258}
	EndProjectSection
EndProject
Project("{8BC9CEB8-8B4A-11D0-8D11-00A0C91BC942}") = "Bullet3Common", "Bullet3Common.vcxproj", "{B4226709-349D-6D42-A5D3-8B1021656031}"
EndProject
Project("{8BC9CEB8-8B4A-11D0-8D11-00A0C91BC942}") = "Bullet3Geometry", "Bullet3Geometry.vcxproj", "{74E25276-EDEB-9646-A07D-E2DBAF5748D5}"
EndProject
Project("{8BC9CEB8-8B4A-11D0-8D11-00A0C91BC942}") = "Bullet3Collision", "Bullet3Collision.vcxproj", "{20340C6E-AF15-8145-A97D-B87F54B62745}"
EndProject
Project("{8BC9CEB8-8B4A-11D0-8D11-00A0C91BC942}") = "Bullet3Dynamics", "Bullet3Dynamics.vcxproj", "{3AD01372-0CD6-3E44-84B8-1406DB483408}"
EndProject
Project("{8BC9CEB8-8B4A-11D0-8D11-00A0C91BC942}") = "Bullet3OpenCL_clew", "Bullet3OpenCL_clew.vcxproj", "{6DD6BAC3-AEE0-9C4B-97B1-D2FDAA98AD3C}"
EndProject
Project("{8BC9CEB8-8B4A-11D0-8D11-00A0C91BC942}") = "Bullet2FileLoader", "Bullet2FileLoader.vcxproj", "{6A7D35E4-7D17-134A-B374-8A801A674D80}"
EndProject
Project("{8BC9CEB8-8B4A-11D0-8D11-00A0C91BC942}") = "HACD", "HACD.vcxproj", "{417F1A39-FA31-9F40-91BE-73B5B6AECA75}"
EndProject
Project("{8BC9CEB8-8B4A-11D0-8D11-00A0C91BC942}") = "vhacd", "vhacd.vcxproj", "{53E9CFD2-D0D6-E94D-A80F-39B720B62A57}"
EndProject
Project("{8BC9CEB8-8B4A-11D0-8D11-00A0C91BC942}") = "test_vhacd", "test_vhacd.vcxproj", "{336516DF-9E55-7A4B-9B26-051D2BC1D6BD}"
	ProjectSection(ProjectDependencies) = postProject
		{53E9CFD2-D0D6-E94D-A80F-39B720B62A57} = {53E9CFD2-D0D6-E94D-A80F-39B720B62A57}
	EndProjectSection
EndProject
Project("{8BC9CEB8-8B4A-11D0-8D11-00A0C91BC942}") = "ConvexDecomposition", "ConvexDecomposition.vcxproj", "{2153C8EA-3E05-A040-A53F-4567AFB38397}"
EndProject
Project("{8BC9CEB8-8B4A-11D0-8D11-00A0C91BC942}") = "BulletInverseDynamicsUtils", "BulletInverseDynamicsUtils.vcxproj", "{28052744-7062-A04F-A38C-51B0BD4C53F8}"
EndProject
Project("{8BC9CEB8-8B4A-11D0-8D11-00A0C91BC942}") = "BulletFileLoader", "BulletFileLoader.vcxproj", "{167A530C-B111-124D-90B9-1904EEBB02CD}"
EndProject
Project("{8BC9CEB8-8B4A-11D0-8D11-00A0C91BC942}") = "BulletWorldImporter", "BulletWorldImporter.vcxproj", "{96D88052-33E1-BC46-BC23-695D1DB3E4FA}"
EndProject
Project("{8BC9CEB8-8B4A-11D0-8D11-00A0C91BC942}") = "BulletXmlWorldImporter", "BulletXmlWorldImporter.vcxproj", "{4848C421-0138-5148-A91E-28FE826F0DC9}"
EndProject
Project("{8BC9CEB8-8B4A-11D0-8D11-00A0C91BC942}") = "App_obj2sdf", "App_obj2sdf.vcxproj", "{9C671F13-A70F-494E-8C49-34C8AFD03733}"
	ProjectSection(ProjectDependencies) = postProject
		{B4226709-349D-6D42-A5D3-8B1021656031} = {B4226709-349D-6D42-A5D3-8B1021656031}
	EndProjectSection
EndProject
Project("{8BC9CEB8-8B4A-11D0-8D11-00A0C91BC942}") = "Test_LinearMath", "Test_LinearMath.vcxproj", "{227F3560-F5E3-1C47-A060-AF567168E3E7}"
	ProjectSection(ProjectDependencies) = postProject
		{F7B5104F-7779-7A40-AF14-05298FE90B50} = {F7B5104F-7779-7A40-AF14-05298FE90B50}
		{D5DEAA33-A732-0C4A-8446-B2133DE96B68} = {D5DEAA33-A732-0C4A-8446-B2133DE96B68}
		{82DDF492-F35E-8947-9BA5-0DAEC972F690} = {82DDF492-F35E-8947-9BA5-0DAEC972F690}
	EndProjectSection
EndProject
Project("{8BC9CEB8-8B4A-11D0-8D11-00A0C91BC942}") = "gtest", "gtest.vcxproj", "{B0030BC7-32F8-9949-8D56-0A02690EE723}"
EndProject
Project("{8BC9CEB8-8B4A-11D0-8D11-00A0C91BC942}") = "Test_BulletCollision", "Test_BulletCollision.vcxproj", "{C8FB3B3D-04A9-EA42-8A92-5766A4997AE7}"
	ProjectSection(ProjectDependencies) = postProject
		{82DDF492-F35E-8947-9BA5-0DAEC972F690} = {82DDF492-F35E-8947-9BA5-0DAEC972F690}
		{B0030BC7-32F8-9949-8D56-0A02690EE723} = {B0030BC7-32F8-9949-8D56-0A02690EE723}
	EndProjectSection
EndProject
Project("{8BC9CEB8-8B4A-11D0-8D11-00A0C91BC942}") = "Test_BulletDynamics", "Test_BulletDynamics.vcxproj", "{DD7FDDCE-CCA0-7044-AA3E-657477343CD9}"
	ProjectSection(ProjectDependencies) = postProject
		{F7B5104F-7779-7A40-AF14-05298FE90B50} = {F7B5104F-7779-7A40-AF14-05298FE90B50}
		{D5DEAA33-A732-0C4A-8446-B2133DE96B68} = {D5DEAA33-A732-0C4A-8446-B2133DE96B68}
		{82DDF492-F35E-8947-9BA5-0DAEC972F690} = {82DDF492-F35E-8947-9BA5-0DAEC972F690}
		{B0030BC7-32F8-9949-8D56-0A02690EE723} = {B0030BC7-32F8-9949-8D56-0A02690EE723}
	EndProjectSection
EndProject
Project("{8BC9CEB8-8B4A-11D0-8D11-00A0C91BC942}") = "Test_InverseDynamicsKinematics", "Test_InverseDynamicsKinematics.vcxproj", "{24768B8C-8D59-0A49-B151-13D853673F00}"
	ProjectSection(ProjectDependencies) = postProject
		{28052744-7062-A04F-A38C-51B0BD4C53F8} = {28052744-7062-A04F-A38C-51B0BD4C53F8}
		{AC4A8F5A-821D-3647-AF23-C014AF8A5EA3} = {AC4A8F5A-821D-3647-AF23-C014AF8A5EA3}
		{B4226709-349D-6D42-A5D3-8B1021656031} = {B4226709-349D-6D42-A5D3-8B1021656031}
		{82DDF492-F35E-8947-9BA5-0DAEC972F690} = {82DDF492-F35E-8947-9BA5-0DAEC972F690}
		{B0030BC7-32F8-9949-8D56-0A02690EE723} = {B0030BC7-32F8-9949-8D56-0A02690EE723}
	EndProjectSection
EndProject
Project("{8BC9CEB8-8B4A-11D0-8D11-00A0C91BC942}") = "Test_InverseDynamicsJacobian", "Test_InverseDynamicsJacobian.vcxproj", "{FBF9945D-AD3A-0948-B542-EE682305A0A3}"
	ProjectSection(ProjectDependencies) = postProject
		{28052744-7062-A04F-A38C-51B0BD4C53F8} = {28052744-7062-A04F-A38C-51B0BD4C53F8}
		{AC4A8F5A-821D-3647-AF23-C014AF8A5EA3} = {AC4A8F5A-821D-3647-AF23-C014AF8A5EA3}
		{B4226709-349D-6D42-A5D3-8B1021656031} = {B4226709-349D-6D42-A5D3-8B1021656031}
		{82DDF492-F35E-8947-9BA5-0DAEC972F690} = {82DDF492-F35E-8947-9BA5-0DAEC972F690}
		{B0030BC7-32F8-9949-8D56-0A02690EE723} = {B0030BC7-32F8-9949-8D56-0A02690EE723}
	EndProjectSection
EndProject
Project("{8BC9CEB8-8B4A-11D0-8D11-00A0C91BC942}") = "Test_InverseForwardDynamics", "Test_InverseForwardDynamics.vcxproj", "{EAA04E6A-7503-E54D-AD14-87D43D7750F2}"
	ProjectSection(ProjectDependencies) = postProject
		{F7B5104F-7779-7A40-AF14-05298FE90B50} = {F7B5104F-7779-7A40-AF14-05298FE90B50}
		{D5DEAA33-A732-0C4A-8446-B2133DE96B68} = {D5DEAA33-A732-0C4A-8446-B2133DE96B68}
		{28052744-7062-A04F-A38C-51B0BD4C53F8} = {28052744-7062-A04F-A38C-51B0BD4C53F8}
		{AC4A8F5A-821D-3647-AF23-C014AF8A5EA3} = {AC4A8F5A-821D-3647-AF23-C014AF8A5EA3}
		{B4226709-349D-6D42-A5D3-8B1021656031} = {B4226709-349D-6D42-A5D3-8B1021656031}
		{82DDF492-F35E-8947-9BA5-0DAEC972F690} = {82DDF492-F35E-8947-9BA5-0DAEC972F690}
		{B0030BC7-32F8-9949-8D56-0A02690EE723} = {B0030BC7-32F8-9949-8D56-0A02690EE723}
	EndProjectSection
EndProject
Project("{8BC9CEB8-8B4A-11D0-8D11-00A0C91BC942}") = "Test_OpenCL_Bullet3", "Test_OpenCL_Bullet3.vcxproj", "{45F23BAA-F132-074C-AEE3-DEA9474CC501}"
	ProjectSection(ProjectDependencies) = postProject
		{B0030BC7-32F8-9949-8D56-0A02690EE723} = {B0030BC7-32F8-9949-8D56-0A02690EE723}
		{6DD6BAC3-AEE0-9C4B-97B1-D2FDAA98AD3C} = {6DD6BAC3-AEE0-9C4B-97B1-D2FDAA98AD3C}
		{B4226709-349D-6D42-A5D3-8B1021656031} = {B4226709-349D-6D42-A5D3-8B1021656031}
	EndProjectSection
EndProject
Project("{8BC9CEB8-8B4A-11D0-8D11-00A0C91BC942}") = "Test_Gwen_OpenGL", "Test_Gwen_OpenGL.vcxproj", "{9D7D830E-6CBD-C341-AABA-E93782AAD5D3}"
	ProjectSection(ProjectDependencies) = postProject
		{B26AB359-48C7-8A43-8F82-8EFFF3E48CA0} = {B26AB359-48C7-8A43-8F82-8EFFF3E48CA0}
		{B4226709-349D-6D42-A5D3-8B1021656031} = {B4226709-349D-6D42-A5D3-8B1021656031}
	EndProjectSection
EndProject
Project("{8BC9CEB8-8B4A-11D0-8D11-00A0C91BC942}") = "BulletInverseDynamics", "BulletInverseDynamics.vcxproj", "{AC4A8F5A-821D-3647-AF23-C014AF8A5EA3}"
EndProject
Project("{8BC9CEB8-8B4A-11D0-8D11-00A0C91BC942}") = "BulletSoftBody", "BulletSoftBody.vcxproj", "{394EF1EF-F775-5E42-81D0-14AA6CCA1BAF}"
EndProject
Project("{8BC9CEB8-8B4A-11D0-8D11-00A0C91BC942}") = "BulletDynamics", "BulletDynamics.vcxproj", "{F7B5104F-7779-7A40-AF14-05298FE90B50}"
EndProject
Project("{8BC9CEB8-8B4A-11D0-8D11-00A0C91BC942}") = "BulletCollision", "BulletCollision.vcxproj", "{D5DEAA33-A732-0C4A-8446-B2133DE96B68}"
EndProject
Project("{8BC9CEB8-8B4A-11D0-8D11-00A0C91BC942}") = "LinearMath", "LinearMath.vcxproj", "{82DDF492-F35E-8947-9BA5-0DAEC972F690}"
EndProject
Global
	GlobalSection(SolutionConfigurationPlatforms) = preSolution
		Release|Win32 = Release|Win32
		Release|x64 = Release|x64
		Debug|Win32 = Debug|Win32
		Debug|x64 = Debug|x64
	EndGlobalSection
	GlobalSection(ProjectConfigurationPlatforms) = postSolution
		{CE3B5C54-6CDD-2B48-AC22-57C8EA64A9E9}.Release|Win32.ActiveCfg = Release|Win32
		{CE3B5C54-6CDD-2B48-AC22-57C8EA64A9E9}.Release|Win32.Build.0 = Release|Win32
		{CE3B5C54-6CDD-2B48-AC22-57C8EA64A9E9}.Release|x64.ActiveCfg = Release|x64
		{CE3B5C54-6CDD-2B48-AC22-57C8EA64A9E9}.Release|x64.Build.0 = Release|x64
		{CE3B5C54-6CDD-2B48-AC22-57C8EA64A9E9}.Debug|Win32.ActiveCfg = Debug|Win32
		{CE3B5C54-6CDD-2B48-AC22-57C8EA64A9E9}.Debug|Win32.Build.0 = Debug|Win32
		{CE3B5C54-6CDD-2B48-AC22-57C8EA64A9E9}.Debug|x64.ActiveCfg = Debug|x64
		{CE3B5C54-6CDD-2B48-AC22-57C8EA64A9E9}.Debug|x64.Build.0 = Debug|x64
		{C77D5171-6CF0-2545-8AF5-632689232D15}.Release|Win32.ActiveCfg = Release|Win32
		{C77D5171-6CF0-2545-8AF5-632689232D15}.Release|Win32.Build.0 = Release|Win32
		{C77D5171-6CF0-2545-8AF5-632689232D15}.Release|x64.ActiveCfg = Release|x64
		{C77D5171-6CF0-2545-8AF5-632689232D15}.Release|x64.Build.0 = Release|x64
		{C77D5171-6CF0-2545-8AF5-632689232D15}.Debug|Win32.ActiveCfg = Debug|Win32
		{C77D5171-6CF0-2545-8AF5-632689232D15}.Debug|Win32.Build.0 = Debug|Win32
		{C77D5171-6CF0-2545-8AF5-632689232D15}.Debug|x64.ActiveCfg = Debug|x64
		{C77D5171-6CF0-2545-8AF5-632689232D15}.Debug|x64.Build.0 = Debug|x64
		{3942C042-C380-4941-A569-2C54EA19D7AE}.Release|Win32.ActiveCfg = Release|Win32
		{3942C042-C380-4941-A569-2C54EA19D7AE}.Release|Win32.Build.0 = Release|Win32
		{3942C042-C380-4941-A569-2C54EA19D7AE}.Release|x64.ActiveCfg = Release|x64
		{3942C042-C380-4941-A569-2C54EA19D7AE}.Release|x64.Build.0 = Release|x64
		{3942C042-C380-4941-A569-2C54EA19D7AE}.Debug|Win32.ActiveCfg = Debug|Win32
		{3942C042-C380-4941-A569-2C54EA19D7AE}.Debug|Win32.Build.0 = Debug|Win32
		{3942C042-C380-4941-A569-2C54EA19D7AE}.Debug|x64.ActiveCfg = Debug|x64
		{3942C042-C380-4941-A569-2C54EA19D7AE}.Debug|x64.Build.0 = Debug|x64
		{596D8257-07BD-B343-9BB0-E0F3718D6109}.Release|Win32.ActiveCfg = Release|Win32
		{596D8257-07BD-B343-9BB0-E0F3718D6109}.Release|Win32.Build.0 = Release|Win32
		{596D8257-07BD-B343-9BB0-E0F3718D6109}.Release|x64.ActiveCfg = Release|x64
		{596D8257-07BD-B343-9BB0-E0F3718D6109}.Release|x64.Build.0 = Release|x64
		{596D8257-07BD-B343-9BB0-E0F3718D6109}.Debug|Win32.ActiveCfg = Debug|Win32
		{596D8257-07BD-B343-9BB0-E0F3718D6109}.Debug|Win32.Build.0 = Debug|Win32
		{596D8257-07BD-B343-9BB0-E0F3718D6109}.Debug|x64.ActiveCfg = Debug|x64
		{596D8257-07BD-B343-9BB0-E0F3718D6109}.Debug|x64.Build.0 = Debug|x64
		{B26AB359-48C7-8A43-8F82-8EFFF3E48CA0}.Release|Win32.ActiveCfg = Release|Win32
		{B26AB359-48C7-8A43-8F82-8EFFF3E48CA0}.Release|Win32.Build.0 = Release|Win32
		{B26AB359-48C7-8A43-8F82-8EFFF3E48CA0}.Release|x64.ActiveCfg = Release|x64
		{B26AB359-48C7-8A43-8F82-8EFFF3E48CA0}.Release|x64.Build.0 = Release|x64
		{B26AB359-48C7-8A43-8F82-8EFFF3E48CA0}.Debug|Win32.ActiveCfg = Debug|Win32
		{B26AB359-48C7-8A43-8F82-8EFFF3E48CA0}.Debug|Win32.Build.0 = Debug|Win32
		{B26AB359-48C7-8A43-8F82-8EFFF3E48CA0}.Debug|x64.ActiveCfg = Debug|x64
		{B26AB359-48C7-8A43-8F82-8EFFF3E48CA0}.Debug|x64.Build.0 = Debug|x64
		{92377FCC-7BF8-D042-AC44-BDA9B5C3BC76}.Release|Win32.ActiveCfg = Release|Win32
		{92377FCC-7BF8-D042-AC44-BDA9B5C3BC76}.Release|Win32.Build.0 = Release|Win32
		{92377FCC-7BF8-D042-AC44-BDA9B5C3BC76}.Release|x64.ActiveCfg = Release|x64
		{92377FCC-7BF8-D042-AC44-BDA9B5C3BC76}.Release|x64.Build.0 = Release|x64
		{92377FCC-7BF8-D042-AC44-BDA9B5C3BC76}.Debug|Win32.ActiveCfg = Debug|Win32
		{92377FCC-7BF8-D042-AC44-BDA9B5C3BC76}.Debug|Win32.Build.0 = Debug|Win32
		{92377FCC-7BF8-D042-AC44-BDA9B5C3BC76}.Debug|x64.ActiveCfg = Debug|x64
		{92377FCC-7BF8-D042-AC44-BDA9B5C3BC76}.Debug|x64.Build.0 = Debug|x64
		{5195D758-8E97-D442-9596-63014741288B}.Release|Win32.ActiveCfg = Release|Win32
		{5195D758-8E97-D442-9596-63014741288B}.Release|Win32.Build.0 = Release|Win32
		{5195D758-8E97-D442-9596-63014741288B}.Release|x64.ActiveCfg = Release|x64
		{5195D758-8E97-D442-9596-63014741288B}.Release|x64.Build.0 = Release|x64
		{5195D758-8E97-D442-9596-63014741288B}.Debug|Win32.ActiveCfg = Debug|Win32
		{5195D758-8E97-D442-9596-63014741288B}.Debug|Win32.Build.0 = Debug|Win32
		{5195D758-8E97-D442-9596-63014741288B}.Debug|x64.ActiveCfg = Debug|x64
		{5195D758-8E97-D442-9596-63014741288B}.Debug|x64.Build.0 = Debug|x64
		{692F961E-9CBF-2746-96F5-F7691ACC92F5}.Release|Win32.ActiveCfg = Release|Win32
		{692F961E-9CBF-2746-96F5-F7691ACC92F5}.Release|Win32.Build.0 = Release|Win32
		{692F961E-9CBF-2746-96F5-F7691ACC92F5}.Release|x64.ActiveCfg = Release|x64
		{692F961E-9CBF-2746-96F5-F7691ACC92F5}.Release|x64.Build.0 = Release|x64
		{692F961E-9CBF-2746-96F5-F7691ACC92F5}.Debug|Win32.ActiveCfg = Debug|Win32
		{692F961E-9CBF-2746-96F5-F7691ACC92F5}.Debug|Win32.Build.0 = Debug|Win32
		{692F961E-9CBF-2746-96F5-F7691ACC92F5}.Debug|x64.ActiveCfg = Debug|x64
		{692F961E-9CBF-2746-96F5-F7691ACC92F5}.Debug|x64.Build.0 = Debug|x64
		{8C1ADC3D-1966-7547-ADEC-F008C7F17E26}.Release|Win32.ActiveCfg = Release|Win32
		{8C1ADC3D-1966-7547-ADEC-F008C7F17E26}.Release|Win32.Build.0 = Release|Win32
		{8C1ADC3D-1966-7547-ADEC-F008C7F17E26}.Release|x64.ActiveCfg = Release|x64
		{8C1ADC3D-1966-7547-ADEC-F008C7F17E26}.Release|x64.Build.0 = Release|x64
		{8C1ADC3D-1966-7547-ADEC-F008C7F17E26}.Debug|Win32.ActiveCfg = Debug|Win32
		{8C1ADC3D-1966-7547-ADEC-F008C7F17E26}.Debug|Win32.Build.0 = Debug|Win32
		{8C1ADC3D-1966-7547-ADEC-F008C7F17E26}.Debug|x64.ActiveCfg = Debug|x64
		{8C1ADC3D-1966-7547-ADEC-F008C7F17E26}.Debug|x64.Build.0 = Debug|x64
		{F4CC4BD9-4236-F546-B81E-11AD057678E0}.Release|Win32.ActiveCfg = Release|Win32
		{F4CC4BD9-4236-F546-B81E-11AD057678E0}.Release|Win32.Build.0 = Release|Win32
		{F4CC4BD9-4236-F546-B81E-11AD057678E0}.Release|x64.ActiveCfg = Release|x64
		{F4CC4BD9-4236-F546-B81E-11AD057678E0}.Release|x64.Build.0 = Release|x64
		{F4CC4BD9-4236-F546-B81E-11AD057678E0}.Debug|Win32.ActiveCfg = Debug|Win32
		{F4CC4BD9-4236-F546-B81E-11AD057678E0}.Debug|Win32.Build.0 = Debug|Win32
		{F4CC4BD9-4236-F546-B81E-11AD057678E0}.Debug|x64.ActiveCfg = Debug|x64
		{F4CC4BD9-4236-F546-B81E-11AD057678E0}.Debug|x64.Build.0 = Debug|x64
		{EBE0240A-7753-C947-B21A-E28DA8300F82}.Release|Win32.ActiveCfg = Release|Win32
		{EBE0240A-7753-C947-B21A-E28DA8300F82}.Release|Win32.Build.0 = Release|Win32
		{EBE0240A-7753-C947-B21A-E28DA8300F82}.Release|x64.ActiveCfg = Release|x64
		{EBE0240A-7753-C947-B21A-E28DA8300F82}.Release|x64.Build.0 = Release|x64
		{EBE0240A-7753-C947-B21A-E28DA8300F82}.Debug|Win32.ActiveCfg = Debug|Win32
		{EBE0240A-7753-C947-B21A-E28DA8300F82}.Debug|Win32.Build.0 = Debug|Win32
		{EBE0240A-7753-C947-B21A-E28DA8300F82}.Debug|x64.ActiveCfg = Debug|x64
		{EBE0240A-7753-C947-B21A-E28DA8300F82}.Debug|x64.Build.0 = Debug|x64
		{DDCE7328-8777-BA47-B08A-BDD83CFCF9E8}.Release|Win32.ActiveCfg = Release|Win32
		{DDCE7328-8777-BA47-B08A-BDD83CFCF9E8}.Release|Win32.Build.0 = Release|Win32
		{DDCE7328-8777-BA47-B08A-BDD83CFCF9E8}.Release|x64.ActiveCfg = Release|x64
		{DDCE7328-8777-BA47-B08A-BDD83CFCF9E8}.Release|x64.Build.0 = Release|x64
		{DDCE7328-8777-BA47-B08A-BDD83CFCF9E8}.Debug|Win32.ActiveCfg = Debug|Win32
		{DDCE7328-8777-BA47-B08A-BDD83CFCF9E8}.Debug|Win32.Build.0 = Debug|Win32
		{DDCE7328-8777-BA47-B08A-BDD83CFCF9E8}.Debug|x64.ActiveCfg = Debug|x64
		{DDCE7328-8777-BA47-B08A-BDD83CFCF9E8}.Debug|x64.Build.0 = Debug|x64
		{788D428B-97BE-2740-854B-F7572D75BF72}.Release|Win32.ActiveCfg = Release|Win32
		{788D428B-97BE-2740-854B-F7572D75BF72}.Release|Win32.Build.0 = Release|Win32
		{788D428B-97BE-2740-854B-F7572D75BF72}.Release|x64.ActiveCfg = Release|x64
		{788D428B-97BE-2740-854B-F7572D75BF72}.Release|x64.Build.0 = Release|x64
		{788D428B-97BE-2740-854B-F7572D75BF72}.Debug|Win32.ActiveCfg = Debug|Win32
		{788D428B-97BE-2740-854B-F7572D75BF72}.Debug|Win32.Build.0 = Debug|Win32
		{788D428B-97BE-2740-854B-F7572D75BF72}.Debug|x64.ActiveCfg = Debug|x64
		{788D428B-97BE-2740-854B-F7572D75BF72}.Debug|x64.Build.0 = Debug|x64
		{B50F0DDA-719B-844E-A305-7B68EBADD3BA}.Release|Win32.ActiveCfg = Release|Win32
		{B50F0DDA-719B-844E-A305-7B68EBADD3BA}.Release|Win32.Build.0 = Release|Win32
		{B50F0DDA-719B-844E-A305-7B68EBADD3BA}.Release|x64.ActiveCfg = Release|x64
		{B50F0DDA-719B-844E-A305-7B68EBADD3BA}.Release|x64.Build.0 = Release|x64
		{B50F0DDA-719B-844E-A305-7B68EBADD3BA}.Debug|Win32.ActiveCfg = Debug|Win32
		{B50F0DDA-719B-844E-A305-7B68EBADD3BA}.Debug|Win32.Build.0 = Debug|Win32
		{B50F0DDA-719B-844E-A305-7B68EBADD3BA}.Debug|x64.ActiveCfg = Debug|x64
		{B50F0DDA-719B-844E-A305-7B68EBADD3BA}.Debug|x64.Build.0 = Debug|x64
		{844E5347-F1EC-F440-854A-C0D6350B6D95}.Release|Win32.ActiveCfg = Release|Win32
		{844E5347-F1EC-F440-854A-C0D6350B6D95}.Release|Win32.Build.0 = Release|Win32
		{844E5347-F1EC-F440-854A-C0D6350B6D95}.Release|x64.ActiveCfg = Release|x64
		{844E5347-F1EC-F440-854A-C0D6350B6D95}.Release|x64.Build.0 = Release|x64
		{844E5347-F1EC-F440-854A-C0D6350B6D95}.Debug|Win32.ActiveCfg = Debug|Win32
		{844E5347-F1EC-F440-854A-C0D6350B6D95}.Debug|Win32.Build.0 = Debug|Win32
		{844E5347-F1EC-F440-854A-C0D6350B6D95}.Debug|x64.ActiveCfg = Debug|x64
		{844E5347-F1EC-F440-854A-C0D6350B6D95}.Debug|x64.Build.0 = Debug|x64
		{41E7F666-32F8-9E42-BC88-1C7EFD52AE53}.Release|Win32.ActiveCfg = Release|Win32
		{41E7F666-32F8-9E42-BC88-1C7EFD52AE53}.Release|Win32.Build.0 = Release|Win32
		{41E7F666-32F8-9E42-BC88-1C7EFD52AE53}.Release|x64.ActiveCfg = Release|x64
		{41E7F666-32F8-9E42-BC88-1C7EFD52AE53}.Release|x64.Build.0 = Release|x64
		{41E7F666-32F8-9E42-BC88-1C7EFD52AE53}.Debug|Win32.ActiveCfg = Debug|Win32
		{41E7F666-32F8-9E42-BC88-1C7EFD52AE53}.Debug|Win32.Build.0 = Debug|Win32
		{41E7F666-32F8-9E42-BC88-1C7EFD52AE53}.Debug|x64.ActiveCfg = Debug|x64
		{41E7F666-32F8-9E42-BC88-1C7EFD52AE53}.Debug|x64.Build.0 = Debug|x64
		{AC8223A2-BA50-724B-9115-7B51955D4A61}.Release|Win32.ActiveCfg = Release|Win32
		{AC8223A2-BA50-724B-9115-7B51955D4A61}.Release|Win32.Build.0 = Release|Win32
		{AC8223A2-BA50-724B-9115-7B51955D4A61}.Release|x64.ActiveCfg = Release|x64
		{AC8223A2-BA50-724B-9115-7B51955D4A61}.Release|x64.Build.0 = Release|x64
		{AC8223A2-BA50-724B-9115-7B51955D4A61}.Debug|Win32.ActiveCfg = Debug|Win32
		{AC8223A2-BA50-724B-9115-7B51955D4A61}.Debug|Win32.Build.0 = Debug|Win32
		{AC8223A2-BA50-724B-9115-7B51955D4A61}.Debug|x64.ActiveCfg = Debug|x64
		{AC8223A2-BA50-724B-9115-7B51955D4A61}.Debug|x64.Build.0 = Debug|x64
		{A129B784-25E2-174F-801C-F455A95E0126}.Release|Win32.ActiveCfg = Release|Win32
		{A129B784-25E2-174F-801C-F455A95E0126}.Release|Win32.Build.0 = Release|Win32
		{A129B784-25E2-174F-801C-F455A95E0126}.Release|x64.ActiveCfg = Release|x64
		{A129B784-25E2-174F-801C-F455A95E0126}.Release|x64.Build.0 = Release|x64
		{A129B784-25E2-174F-801C-F455A95E0126}.Debug|Win32.ActiveCfg = Debug|Win32
		{A129B784-25E2-174F-801C-F455A95E0126}.Debug|Win32.Build.0 = Debug|Win32
		{A129B784-25E2-174F-801C-F455A95E0126}.Debug|x64.ActiveCfg = Debug|x64
		{A129B784-25E2-174F-801C-F455A95E0126}.Debug|x64.Build.0 = Debug|x64
		{3B7B69DC-E812-1642-A57B-41F663920D01}.Release|Win32.ActiveCfg = Release|Win32
		{3B7B69DC-E812-1642-A57B-41F663920D01}.Release|Win32.Build.0 = Release|Win32
		{3B7B69DC-E812-1642-A57B-41F663920D01}.Release|x64.ActiveCfg = Release|x64
		{3B7B69DC-E812-1642-A57B-41F663920D01}.Release|x64.Build.0 = Release|x64
		{3B7B69DC-E812-1642-A57B-41F663920D01}.Debug|Win32.ActiveCfg = Debug|Win32
		{3B7B69DC-E812-1642-A57B-41F663920D01}.Debug|Win32.Build.0 = Debug|Win32
		{3B7B69DC-E812-1642-A57B-41F663920D01}.Debug|x64.ActiveCfg = Debug|x64
		{3B7B69DC-E812-1642-A57B-41F663920D01}.Debug|x64.Build.0 = Debug|x64
		{E90DB0F3-7017-1F4C-B31B-664FEFBF5D82}.Release|Win32.ActiveCfg = Release|Win32
		{E90DB0F3-7017-1F4C-B31B-664FEFBF5D82}.Release|Win32.Build.0 = Release|Win32
		{E90DB0F3-7017-1F4C-B31B-664FEFBF5D82}.Release|x64.ActiveCfg = Release|x64
		{E90DB0F3-7017-1F4C-B31B-664FEFBF5D82}.Release|x64.Build.0 = Release|x64
		{E90DB0F3-7017-1F4C-B31B-664FEFBF5D82}.Debug|Win32.ActiveCfg = Debug|Win32
		{E90DB0F3-7017-1F4C-B31B-664FEFBF5D82}.Debug|Win32.Build.0 = Debug|Win32
		{E90DB0F3-7017-1F4C-B31B-664FEFBF5D82}.Debug|x64.ActiveCfg = Debug|x64
		{E90DB0F3-7017-1F4C-B31B-664FEFBF5D82}.Debug|x64.Build.0 = Debug|x64
		{8A723ED1-E061-D34C-987C-B7294752EACD}.Release|Win32.ActiveCfg = Release|Win32
		{8A723ED1-E061-D34C-987C-B7294752EACD}.Release|Win32.Build.0 = Release|Win32
		{8A723ED1-E061-D34C-987C-B7294752EACD}.Release|x64.ActiveCfg = Release|x64
		{8A723ED1-E061-D34C-987C-B7294752EACD}.Release|x64.Build.0 = Release|x64
		{8A723ED1-E061-D34C-987C-B7294752EACD}.Debug|Win32.ActiveCfg = Debug|Win32
		{8A723ED1-E061-D34C-987C-B7294752EACD}.Debug|Win32.Build.0 = Debug|Win32
		{8A723ED1-E061-D34C-987C-B7294752EACD}.Debug|x64.ActiveCfg = Debug|x64
		{8A723ED1-E061-D34C-987C-B7294752EACD}.Debug|x64.Build.0 = Debug|x64
		{B5C39CF6-A33D-BD40-9FB0-F27B3259FCEA}.Release|Win32.ActiveCfg = Release|Win32
		{B5C39CF6-A33D-BD40-9FB0-F27B3259FCEA}.Release|Win32.Build.0 = Release|Win32
		{B5C39CF6-A33D-BD40-9FB0-F27B3259FCEA}.Release|x64.ActiveCfg = Release|x64
		{B5C39CF6-A33D-BD40-9FB0-F27B3259FCEA}.Release|x64.Build.0 = Release|x64
		{B5C39CF6-A33D-BD40-9FB0-F27B3259FCEA}.Debug|Win32.ActiveCfg = Debug|Win32
		{B5C39CF6-A33D-BD40-9FB0-F27B3259FCEA}.Debug|Win32.Build.0 = Debug|Win32
		{B5C39CF6-A33D-BD40-9FB0-F27B3259FCEA}.Debug|x64.ActiveCfg = Debug|x64
		{B5C39CF6-A33D-BD40-9FB0-F27B3259FCEA}.Debug|x64.Build.0 = Debug|x64
		{FA64F410-416C-074D-8EA5-91F28FBCC2BE}.Release|Win32.ActiveCfg = Release|Win32
		{FA64F410-416C-074D-8EA5-91F28FBCC2BE}.Release|Win32.Build.0 = Release|Win32
		{FA64F410-416C-074D-8EA5-91F28FBCC2BE}.Release|x64.ActiveCfg = Release|x64
		{FA64F410-416C-074D-8EA5-91F28FBCC2BE}.Release|x64.Build.0 = Release|x64
		{FA64F410-416C-074D-8EA5-91F28FBCC2BE}.Debug|Win32.ActiveCfg = Debug|Win32
		{FA64F410-416C-074D-8EA5-91F28FBCC2BE}.Debug|Win32.Build.0 = Debug|Win32
		{FA64F410-416C-074D-8EA5-91F28FBCC2BE}.Debug|x64.ActiveCfg = Debug|x64
		{FA64F410-416C-074D-8EA5-91F28FBCC2BE}.Debug|x64.Build.0 = Debug|x64
		{D69CC6EE-A302-D446-BD8D-BD78D59B796A}.Release|Win32.ActiveCfg = Release|Win32
		{D69CC6EE-A302-D446-BD8D-BD78D59B796A}.Release|Win32.Build.0 = Release|Win32
		{D69CC6EE-A302-D446-BD8D-BD78D59B796A}.Release|x64.ActiveCfg = Release|x64
		{D69CC6EE-A302-D446-BD8D-BD78D59B796A}.Release|x64.Build.0 = Release|x64
		{D69CC6EE-A302-D446-BD8D-BD78D59B796A}.Debug|Win32.ActiveCfg = Debug|Win32
		{D69CC6EE-A302-D446-BD8D-BD78D59B796A}.Debug|Win32.Build.0 = Debug|Win32
		{D69CC6EE-A302-D446-BD8D-BD78D59B796A}.Debug|x64.ActiveCfg = Debug|x64
		{D69CC6EE-A302-D446-BD8D-BD78D59B796A}.Debug|x64.Build.0 = Debug|x64
		{6D6C2E1E-94D0-5742-85D1-EB9A1B8055E5}.Release|Win32.ActiveCfg = Release|Win32
		{6D6C2E1E-94D0-5742-85D1-EB9A1B8055E5}.Release|Win32.Build.0 = Release|Win32
		{6D6C2E1E-94D0-5742-85D1-EB9A1B8055E5}.Release|x64.ActiveCfg = Release|x64
		{6D6C2E1E-94D0-5742-85D1-EB9A1B8055E5}.Release|x64.Build.0 = Release|x64
		{6D6C2E1E-94D0-5742-85D1-EB9A1B8055E5}.Debug|Win32.ActiveCfg = Debug|Win32
		{6D6C2E1E-94D0-5742-85D1-EB9A1B8055E5}.Debug|Win32.Build.0 = Debug|Win32
		{6D6C2E1E-94D0-5742-85D1-EB9A1B8055E5}.Debug|x64.ActiveCfg = Debug|x64
		{6D6C2E1E-94D0-5742-85D1-EB9A1B8055E5}.Debug|x64.Build.0 = Debug|x64
		{A75DC748-BD0B-7F4E-BD4F-CF719BDB5E09}.Release|Win32.ActiveCfg = Release|Win32
		{A75DC748-BD0B-7F4E-BD4F-CF719BDB5E09}.Release|Win32.Build.0 = Release|Win32
		{A75DC748-BD0B-7F4E-BD4F-CF719BDB5E09}.Release|x64.ActiveCfg = Release|x64
		{A75DC748-BD0B-7F4E-BD4F-CF719BDB5E09}.Release|x64.Build.0 = Release|x64
		{A75DC748-BD0B-7F4E-BD4F-CF719BDB5E09}.Debug|Win32.ActiveCfg = Debug|Win32
		{A75DC748-BD0B-7F4E-BD4F-CF719BDB5E09}.Debug|Win32.Build.0 = Debug|Win32
		{A75DC748-BD0B-7F4E-BD4F-CF719BDB5E09}.Debug|x64.ActiveCfg = Debug|x64
		{A75DC748-BD0B-7F4E-BD4F-CF719BDB5E09}.Debug|x64.Build.0 = Debug|x64
		{36FC27A8-0AE8-C64C-8F09-E6D40432A1F2}.Release|Win32.ActiveCfg = Release|Win32
		{36FC27A8-0AE8-C64C-8F09-E6D40432A1F2}.Release|Win32.Build.0 = Release|Win32
		{36FC27A8-0AE8-C64C-8F09-E6D40432A1F2}.Release|x64.ActiveCfg = Release|x64
		{36FC27A8-0AE8-C64C-8F09-E6D40432A1F2}.Release|x64.Build.0 = Release|x64
		{36FC27A8-0AE8-C64C-8F09-E6D40432A1F2}.Debug|Win32.ActiveCfg = Debug|Win32
		{36FC27A8-0AE8-C64C-8F09-E6D40432A1F2}.Debug|Win32.Build.0 = Debug|Win32
		{36FC27A8-0AE8-C64C-8F09-E6D40432A1F2}.Debug|x64.ActiveCfg = Debug|x64
		{36FC27A8-0AE8-C64C-8F09-E6D40432A1F2}.Debug|x64.Build.0 = Debug|x64
		{02C20AF9-2688-3A4E-A1E6-F56562C438BD}.Release|Win32.ActiveCfg = Release|Win32
		{02C20AF9-2688-3A4E-A1E6-F56562C438BD}.Release|Win32.Build.0 = Release|Win32
		{02C20AF9-2688-3A4E-A1E6-F56562C438BD}.Release|x64.ActiveCfg = Release|x64
		{02C20AF9-2688-3A4E-A1E6-F56562C438BD}.Release|x64.Build.0 = Release|x64
		{02C20AF9-2688-3A4E-A1E6-F56562C438BD}.Debug|Win32.ActiveCfg = Debug|Win32
		{02C20AF9-2688-3A4E-A1E6-F56562C438BD}.Debug|Win32.Build.0 = Debug|Win32
		{02C20AF9-2688-3A4E-A1E6-F56562C438BD}.Debug|x64.ActiveCfg = Debug|x64
		{02C20AF9-2688-3A4E-A1E6-F56562C438BD}.Debug|x64.Build.0 = Debug|x64
		{43B0CAEA-E715-A940-9F00-5C8A4309D258}.Release|Win32.ActiveCfg = Release|Win32
		{43B0CAEA-E715-A940-9F00-5C8A4309D258}.Release|Win32.Build.0 = Release|Win32
		{43B0CAEA-E715-A940-9F00-5C8A4309D258}.Release|x64.ActiveCfg = Release|x64
		{43B0CAEA-E715-A940-9F00-5C8A4309D258}.Release|x64.Build.0 = Release|x64
		{43B0CAEA-E715-A940-9F00-5C8A4309D258}.Debug|Win32.ActiveCfg = Debug|Win32
		{43B0CAEA-E715-A940-9F00-5C8A4309D258}.Debug|Win32.Build.0 = Debug|Win32
		{43B0CAEA-E715-A940-9F00-5C8A4309D258}.Debug|x64.ActiveCfg = Debug|x64
		{43B0CAEA-E715-A940-9F00-5C8A4309D258}.Debug|x64.Build.0 = Debug|x64
		{86678139-4F41-2045-87DA-0B8D8515D2C7}.Release|Win32.ActiveCfg = Release|Win32
		{86678139-4F41-2045-87DA-0B8D8515D2C7}.Release|Win32.Build.0 = Release|Win32
		{86678139-4F41-2045-87DA-0B8D8515D2C7}.Release|x64.ActiveCfg = Release|x64
		{86678139-4F41-2045-87DA-0B8D8515D2C7}.Release|x64.Build.0 = Release|x64
		{86678139-4F41-2045-87DA-0B8D8515D2C7}.Debug|Win32.ActiveCfg = Debug|Win32
		{86678139-4F41-2045-87DA-0B8D8515D2C7}.Debug|Win32.Build.0 = Debug|Win32
		{86678139-4F41-2045-87DA-0B8D8515D2C7}.Debug|x64.ActiveCfg = Debug|x64
		{86678139-4F41-2045-87DA-0B8D8515D2C7}.Debug|x64.Build.0 = Debug|x64
		{B27FCCEE-C5D8-0048-8E2A-438B2A07AEBB}.Release|Win32.ActiveCfg = Release|Win32
		{B27FCCEE-C5D8-0048-8E2A-438B2A07AEBB}.Release|Win32.Build.0 = Release|Win32
		{B27FCCEE-C5D8-0048-8E2A-438B2A07AEBB}.Release|x64.ActiveCfg = Release|x64
		{B27FCCEE-C5D8-0048-8E2A-438B2A07AEBB}.Release|x64.Build.0 = Release|x64
		{B27FCCEE-C5D8-0048-8E2A-438B2A07AEBB}.Debug|Win32.ActiveCfg = Debug|Win32
		{B27FCCEE-C5D8-0048-8E2A-438B2A07AEBB}.Debug|Win32.Build.0 = Debug|Win32
		{B27FCCEE-C5D8-0048-8E2A-438B2A07AEBB}.Debug|x64.ActiveCfg = Debug|x64
		{B27FCCEE-C5D8-0048-8E2A-438B2A07AEBB}.Debug|x64.Build.0 = Debug|x64
		{02E432D0-3978-4F40-96F1-27AA26C28BC0}.Release|Win32.ActiveCfg = Release|Win32
		{02E432D0-3978-4F40-96F1-27AA26C28BC0}.Release|Win32.Build.0 = Release|Win32
		{02E432D0-3978-4F40-96F1-27AA26C28BC0}.Release|x64.ActiveCfg = Release|x64
		{02E432D0-3978-4F40-96F1-27AA26C28BC0}.Release|x64.Build.0 = Release|x64
		{02E432D0-3978-4F40-96F1-27AA26C28BC0}.Debug|Win32.ActiveCfg = Debug|Win32
		{02E432D0-3978-4F40-96F1-27AA26C28BC0}.Debug|Win32.Build.0 = Debug|Win32
		{02E432D0-3978-4F40-96F1-27AA26C28BC0}.Debug|x64.ActiveCfg = Debug|x64
		{02E432D0-3978-4F40-96F1-27AA26C28BC0}.Debug|x64.Build.0 = Debug|x64
		{BE165C98-6A97-B943-8E36-DA4DA505125D}.Release|Win32.ActiveCfg = Release|Win32
		{BE165C98-6A97-B943-8E36-DA4DA505125D}.Release|Win32.Build.0 = Release|Win32
		{BE165C98-6A97-B943-8E36-DA4DA505125D}.Release|x64.ActiveCfg = Release|x64
		{BE165C98-6A97-B943-8E36-DA4DA505125D}.Release|x64.Build.0 = Release|x64
		{BE165C98-6A97-B943-8E36-DA4DA505125D}.Debug|Win32.ActiveCfg = Debug|Win32
		{BE165C98-6A97-B943-8E36-DA4DA505125D}.Debug|Win32.Build.0 = Debug|Win32
		{BE165C98-6A97-B943-8E36-DA4DA505125D}.Debug|x64.ActiveCfg = Debug|x64
		{BE165C98-6A97-B943-8E36-DA4DA505125D}.Debug|x64.Build.0 = Debug|x64
		{B4226709-349D-6D42-A5D3-8B1021656031}.Release|Win32.ActiveCfg = Release|Win32
		{B4226709-349D-6D42-A5D3-8B1021656031}.Release|Win32.Build.0 = Release|Win32
		{B4226709-349D-6D42-A5D3-8B1021656031}.Release|x64.ActiveCfg = Release|x64
		{B4226709-349D-6D42-A5D3-8B1021656031}.Release|x64.Build.0 = Release|x64
		{B4226709-349D-6D42-A5D3-8B1021656031}.Debug|Win32.ActiveCfg = Debug|Win32
		{B4226709-349D-6D42-A5D3-8B1021656031}.Debug|Win32.Build.0 = Debug|Win32
		{B4226709-349D-6D42-A5D3-8B1021656031}.Debug|x64.ActiveCfg = Debug|x64
		{B4226709-349D-6D42-A5D3-8B1021656031}.Debug|x64.Build.0 = Debug|x64
		{74E25276-EDEB-9646-A07D-E2DBAF5748D5}.Release|Win32.ActiveCfg = Release|Win32
		{74E25276-EDEB-9646-A07D-E2DBAF5748D5}.Release|Win32.Build.0 = Release|Win32
		{74E25276-EDEB-9646-A07D-E2DBAF5748D5}.Release|x64.ActiveCfg = Release|x64
		{74E25276-EDEB-9646-A07D-E2DBAF5748D5}.Release|x64.Build.0 = Release|x64
		{74E25276-EDEB-9646-A07D-E2DBAF5748D5}.Debug|Win32.ActiveCfg = Debug|Win32
		{74E25276-EDEB-9646-A07D-E2DBAF5748D5}.Debug|Win32.Build.0 = Debug|Win32
		{74E25276-EDEB-9646-A07D-E2DBAF5748D5}.Debug|x64.ActiveCfg = Debug|x64
		{74E25276-EDEB-9646-A07D-E2DBAF5748D5}.Debug|x64.Build.0 = Debug|x64
		{20340C6E-AF15-8145-A97D-B87F54B62745}.Release|Win32.ActiveCfg = Release|Win32
		{20340C6E-AF15-8145-A97D-B87F54B62745}.Release|Win32.Build.0 = Release|Win32
		{20340C6E-AF15-8145-A97D-B87F54B62745}.Release|x64.ActiveCfg = Release|x64
		{20340C6E-AF15-8145-A97D-B87F54B62745}.Release|x64.Build.0 = Release|x64
		{20340C6E-AF15-8145-A97D-B87F54B62745}.Debug|Win32.ActiveCfg = Debug|Win32
		{20340C6E-AF15-8145-A97D-B87F54B62745}.Debug|Win32.Build.0 = Debug|Win32
		{20340C6E-AF15-8145-A97D-B87F54B62745}.Debug|x64.ActiveCfg = Debug|x64
		{20340C6E-AF15-8145-A97D-B87F54B62745}.Debug|x64.Build.0 = Debug|x64
		{3AD01372-0CD6-3E44-84B8-1406DB483408}.Release|Win32.ActiveCfg = Release|Win32
		{3AD01372-0CD6-3E44-84B8-1406DB483408}.Release|Win32.Build.0 = Release|Win32
		{3AD01372-0CD6-3E44-84B8-1406DB483408}.Release|x64.ActiveCfg = Release|x64
		{3AD01372-0CD6-3E44-84B8-1406DB483408}.Release|x64.Build.0 = Release|x64
		{3AD01372-0CD6-3E44-84B8-1406DB483408}.Debug|Win32.ActiveCfg = Debug|Win32
		{3AD01372-0CD6-3E44-84B8-1406DB483408}.Debug|Win32.Build.0 = Debug|Win32
		{3AD01372-0CD6-3E44-84B8-1406DB483408}.Debug|x64.ActiveCfg = Debug|x64
		{3AD01372-0CD6-3E44-84B8-1406DB483408}.Debug|x64.Build.0 = Debug|x64
		{6DD6BAC3-AEE0-9C4B-97B1-D2FDAA98AD3C}.Release|Win32.ActiveCfg = Release|Win32
		{6DD6BAC3-AEE0-9C4B-97B1-D2FDAA98AD3C}.Release|Win32.Build.0 = Release|Win32
		{6DD6BAC3-AEE0-9C4B-97B1-D2FDAA98AD3C}.Release|x64.ActiveCfg = Release|x64
		{6DD6BAC3-AEE0-9C4B-97B1-D2FDAA98AD3C}.Release|x64.Build.0 = Release|x64
		{6DD6BAC3-AEE0-9C4B-97B1-D2FDAA98AD3C}.Debug|Win32.ActiveCfg = Debug|Win32
		{6DD6BAC3-AEE0-9C4B-97B1-D2FDAA98AD3C}.Debug|Win32.Build.0 = Debug|Win32
		{6DD6BAC3-AEE0-9C4B-97B1-D2FDAA98AD3C}.Debug|x64.ActiveCfg = Debug|x64
		{6DD6BAC3-AEE0-9C4B-97B1-D2FDAA98AD3C}.Debug|x64.Build.0 = Debug|x64
		{6A7D35E4-7D17-134A-B374-8A801A674D80}.Release|Win32.ActiveCfg = Release|Win32
		{6A7D35E4-7D17-134A-B374-8A801A674D80}.Release|Win32.Build.0 = Release|Win32
		{6A7D35E4-7D17-134A-B374-8A801A674D80}.Release|x64.ActiveCfg = Release|x64
		{6A7D35E4-7D17-134A-B374-8A801A674D80}.Release|x64.Build.0 = Release|x64
		{6A7D35E4-7D17-134A-B374-8A801A674D80}.Debug|Win32.ActiveCfg = Debug|Win32
		{6A7D35E4-7D17-134A-B374-8A801A674D80}.Debug|Win32.Build.0 = Debug|Win32
		{6A7D35E4-7D17-134A-B374-8A801A674D80}.Debug|x64.ActiveCfg = Debug|x64
		{6A7D35E4-7D17-134A-B374-8A801A674D80}.Debug|x64.Build.0 = Debug|x64
		{417F1A39-FA31-9F40-91BE-73B5B6AECA75}.Release|Win32.ActiveCfg = Release|Win32
		{417F1A39-FA31-9F40-91BE-73B5B6AECA75}.Release|Win32.Build.0 = Release|Win32
		{417F1A39-FA31-9F40-91BE-73B5B6AECA75}.Release|x64.ActiveCfg = Release|x64
		{417F1A39-FA31-9F40-91BE-73B5B6AECA75}.Release|x64.Build.0 = Release|x64
		{417F1A39-FA31-9F40-91BE-73B5B6AECA75}.Debug|Win32.ActiveCfg = Debug|Win32
		{417F1A39-FA31-9F40-91BE-73B5B6AECA75}.Debug|Win32.Build.0 = Debug|Win32
		{417F1A39-FA31-9F40-91BE-73B5B6AECA75}.Debug|x64.ActiveCfg = Debug|x64
		{417F1A39-FA31-9F40-91BE-73B5B6AECA75}.Debug|x64.Build.0 = Debug|x64
		{53E9CFD2-D0D6-E94D-A80F-39B720B62A57}.Release|Win32.ActiveCfg = Release|Win32
		{53E9CFD2-D0D6-E94D-A80F-39B720B62A57}.Release|Win32.Build.0 = Release|Win32
		{53E9CFD2-D0D6-E94D-A80F-39B720B62A57}.Release|x64.ActiveCfg = Release|x64
		{53E9CFD2-D0D6-E94D-A80F-39B720B62A57}.Release|x64.Build.0 = Release|x64
		{53E9CFD2-D0D6-E94D-A80F-39B720B62A57}.Debug|Win32.ActiveCfg = Debug|Win32
		{53E9CFD2-D0D6-E94D-A80F-39B720B62A57}.Debug|Win32.Build.0 = Debug|Win32
		{53E9CFD2-D0D6-E94D-A80F-39B720B62A57}.Debug|x64.ActiveCfg = Debug|x64
		{53E9CFD2-D0D6-E94D-A80F-39B720B62A57}.Debug|x64.Build.0 = Debug|x64
		{336516DF-9E55-7A4B-9B26-051D2BC1D6BD}.Release|Win32.ActiveCfg = Release|Win32
		{336516DF-9E55-7A4B-9B26-051D2BC1D6BD}.Release|Win32.Build.0 = Release|Win32
		{336516DF-9E55-7A4B-9B26-051D2BC1D6BD}.Release|x64.ActiveCfg = Release|x64
		{336516DF-9E55-7A4B-9B26-051D2BC1D6BD}.Release|x64.Build.0 = Release|x64
		{336516DF-9E55-7A4B-9B26-051D2BC1D6BD}.Debug|Win32.ActiveCfg = Debug|Win32
		{336516DF-9E55-7A4B-9B26-051D2BC1D6BD}.Debug|Win32.Build.0 = Debug|Win32
		{336516DF-9E55-7A4B-9B26-051D2BC1D6BD}.Debug|x64.ActiveCfg = Debug|x64
		{336516DF-9E55-7A4B-9B26-051D2BC1D6BD}.Debug|x64.Build.0 = Debug|x64
		{2153C8EA-3E05-A040-A53F-4567AFB38397}.Release|Win32.ActiveCfg = Release|Win32
		{2153C8EA-3E05-A040-A53F-4567AFB38397}.Release|Win32.Build.0 = Release|Win32
		{2153C8EA-3E05-A040-A53F-4567AFB38397}.Release|x64.ActiveCfg = Release|x64
		{2153C8EA-3E05-A040-A53F-4567AFB38397}.Release|x64.Build.0 = Release|x64
		{2153C8EA-3E05-A040-A53F-4567AFB38397}.Debug|Win32.ActiveCfg = Debug|Win32
		{2153C8EA-3E05-A040-A53F-4567AFB38397}.Debug|Win32.Build.0 = Debug|Win32
		{2153C8EA-3E05-A040-A53F-4567AFB38397}.Debug|x64.ActiveCfg = Debug|x64
		{2153C8EA-3E05-A040-A53F-4567AFB38397}.Debug|x64.Build.0 = Debug|x64
		{28052744-7062-A04F-A38C-51B0BD4C53F8}.Release|Win32.ActiveCfg = Release|Win32
		{28052744-7062-A04F-A38C-51B0BD4C53F8}.Release|Win32.Build.0 = Release|Win32
		{28052744-7062-A04F-A38C-51B0BD4C53F8}.Release|x64.ActiveCfg = Release|x64
		{28052744-7062-A04F-A38C-51B0BD4C53F8}.Release|x64.Build.0 = Release|x64
		{28052744-7062-A04F-A38C-51B0BD4C53F8}.Debug|Win32.ActiveCfg = Debug|Win32
		{28052744-7062-A04F-A38C-51B0BD4C53F8}.Debug|Win32.Build.0 = Debug|Win32
		{28052744-7062-A04F-A38C-51B0BD4C53F8}.Debug|x64.ActiveCfg = Debug|x64
		{28052744-7062-A04F-A38C-51B0BD4C53F8}.Debug|x64.Build.0 = Debug|x64
		{167A530C-B111-124D-90B9-1904EEBB02CD}.Release|Win32.ActiveCfg = Release|Win32
		{167A530C-B111-124D-90B9-1904EEBB02CD}.Release|Win32.Build.0 = Release|Win32
		{167A530C-B111-124D-90B9-1904EEBB02CD}.Release|x64.ActiveCfg = Release|x64
		{167A530C-B111-124D-90B9-1904EEBB02CD}.Release|x64.Build.0 = Release|x64
		{167A530C-B111-124D-90B9-1904EEBB02CD}.Debug|Win32.ActiveCfg = Debug|Win32
		{167A530C-B111-124D-90B9-1904EEBB02CD}.Debug|Win32.Build.0 = Debug|Win32
		{167A530C-B111-124D-90B9-1904EEBB02CD}.Debug|x64.ActiveCfg = Debug|x64
		{167A530C-B111-124D-90B9-1904EEBB02CD}.Debug|x64.Build.0 = Debug|x64
		{96D88052-33E1-BC46-BC23-695D1DB3E4FA}.Release|Win32.ActiveCfg = Release|Win32
		{96D88052-33E1-BC46-BC23-695D1DB3E4FA}.Release|Win32.Build.0 = Release|Win32
		{96D88052-33E1-BC46-BC23-695D1DB3E4FA}.Release|x64.ActiveCfg = Release|x64
		{96D88052-33E1-BC46-BC23-695D1DB3E4FA}.Release|x64.Build.0 = Release|x64
		{96D88052-33E1-BC46-BC23-695D1DB3E4FA}.Debug|Win32.ActiveCfg = Debug|Win32
		{96D88052-33E1-BC46-BC23-695D1DB3E4FA}.Debug|Win32.Build.0 = Debug|Win32
		{96D88052-33E1-BC46-BC23-695D1DB3E4FA}.Debug|x64.ActiveCfg = Debug|x64
		{96D88052-33E1-BC46-BC23-695D1DB3E4FA}.Debug|x64.Build.0 = Debug|x64
		{4848C421-0138-5148-A91E-28FE826F0DC9}.Release|Win32.ActiveCfg = Release|Win32
		{4848C421-0138-5148-A91E-28FE826F0DC9}.Release|Win32.Build.0 = Release|Win32
		{4848C421-0138-5148-A91E-28FE826F0DC9}.Release|x64.ActiveCfg = Release|x64
		{4848C421-0138-5148-A91E-28FE826F0DC9}.Release|x64.Build.0 = Release|x64
		{4848C421-0138-5148-A91E-28FE826F0DC9}.Debug|Win32.ActiveCfg = Debug|Win32
		{4848C421-0138-5148-A91E-28FE826F0DC9}.Debug|Win32.Build.0 = Debug|Win32
		{4848C421-0138-5148-A91E-28FE826F0DC9}.Debug|x64.ActiveCfg = Debug|x64
		{4848C421-0138-5148-A91E-28FE826F0DC9}.Debug|x64.Build.0 = Debug|x64
		{9C671F13-A70F-494E-8C49-34C8AFD03733}.Release|Win32.ActiveCfg = Release|Win32
		{9C671F13-A70F-494E-8C49-34C8AFD03733}.Release|Win32.Build.0 = Release|Win32
		{9C671F13-A70F-494E-8C49-34C8AFD03733}.Release|x64.ActiveCfg = Release|x64
		{9C671F13-A70F-494E-8C49-34C8AFD03733}.Release|x64.Build.0 = Release|x64
		{9C671F13-A70F-494E-8C49-34C8AFD03733}.Debug|Win32.ActiveCfg = Debug|Win32
		{9C671F13-A70F-494E-8C49-34C8AFD03733}.Debug|Win32.Build.0 = Debug|Win32
		{9C671F13-A70F-494E-8C49-34C8AFD03733}.Debug|x64.ActiveCfg = Debug|x64
		{9C671F13-A70F-494E-8C49-34C8AFD03733}.Debug|x64.Build.0 = Debug|x64
		{227F3560-F5E3-1C47-A060-AF567168E3E7}.Release|Win32.ActiveCfg = Release|Win32
		{227F3560-F5E3-1C47-A060-AF567168E3E7}.Release|Win32.Build.0 = Release|Win32
		{227F3560-F5E3-1C47-A060-AF567168E3E7}.Release|x64.ActiveCfg = Release|x64
		{227F3560-F5E3-1C47-A060-AF567168E3E7}.Release|x64.Build.0 = Release|x64
		{227F3560-F5E3-1C47-A060-AF567168E3E7}.Debug|Win32.ActiveCfg = Debug|Win32
		{227F3560-F5E3-1C47-A060-AF567168E3E7}.Debug|Win32.Build.0 = Debug|Win32
		{227F3560-F5E3-1C47-A060-AF567168E3E7}.Debug|x64.ActiveCfg = Debug|x64
		{227F3560-F5E3-1C47-A060-AF567168E3E7}.Debug|x64.Build.0 = Debug|x64
		{B0030BC7-32F8-9949-8D56-0A02690EE723}.Release|Win32.ActiveCfg = Release|Win32
		{B0030BC7-32F8-9949-8D56-0A02690EE723}.Release|Win32.Build.0 = Release|Win32
		{B0030BC7-32F8-9949-8D56-0A02690EE723}.Release|x64.ActiveCfg = Release|x64
		{B0030BC7-32F8-9949-8D56-0A02690EE723}.Release|x64.Build.0 = Release|x64
		{B0030BC7-32F8-9949-8D56-0A02690EE723}.Debug|Win32.ActiveCfg = Debug|Win32
		{B0030BC7-32F8-9949-8D56-0A02690EE723}.Debug|Win32.Build.0 = Debug|Win32
		{B0030BC7-32F8-9949-8D56-0A02690EE723}.Debug|x64.ActiveCfg = Debug|x64
		{B0030BC7-32F8-9949-8D56-0A02690EE723}.Debug|x64.Build.0 = Debug|x64
		{C8FB3B3D-04A9-EA42-8A92-5766A4997AE7}.Release|Win32.ActiveCfg = Release|Win32
		{C8FB3B3D-04A9-EA42-8A92-5766A4997AE7}.Release|Win32.Build.0 = Release|Win32
		{C8FB3B3D-04A9-EA42-8A92-5766A4997AE7}.Release|x64.ActiveCfg = Release|x64
		{C8FB3B3D-04A9-EA42-8A92-5766A4997AE7}.Release|x64.Build.0 = Release|x64
		{C8FB3B3D-04A9-EA42-8A92-5766A4997AE7}.Debug|Win32.ActiveCfg = Debug|Win32
		{C8FB3B3D-04A9-EA42-8A92-5766A4997AE7}.Debug|Win32.Build.0 = Debug|Win32
		{C8FB3B3D-04A9-EA42-8A92-5766A4997AE7}.Debug|x64.ActiveCfg = Debug|x64
		{C8FB3B3D-04A9-EA42-8A92-5766A4997AE7}.Debug|x64.Build.0 = Debug|x64
		{DD7FDDCE-CCA0-7044-AA3E-657477343CD9}.Release|Win32.ActiveCfg = Release|Win32
		{DD7FDDCE-CCA0-7044-AA3E-657477343CD9}.Release|Win32.Build.0 = Release|Win32
		{DD7FDDCE-CCA0-7044-AA3E-657477343CD9}.Release|x64.ActiveCfg = Release|x64
		{DD7FDDCE-CCA0-7044-AA3E-657477343CD9}.Release|x64.Build.0 = Release|x64
		{DD7FDDCE-CCA0-7044-AA3E-657477343CD9}.Debug|Win32.ActiveCfg = Debug|Win32
		{DD7FDDCE-CCA0-7044-AA3E-657477343CD9}.Debug|Win32.Build.0 = Debug|Win32
		{DD7FDDCE-CCA0-7044-AA3E-657477343CD9}.Debug|x64.ActiveCfg = Debug|x64
		{DD7FDDCE-CCA0-7044-AA3E-657477343CD9}.Debug|x64.Build.0 = Debug|x64
		{24768B8C-8D59-0A49-B151-13D853673F00}.Release|Win32.ActiveCfg = Release|Win32
		{24768B8C-8D59-0A49-B151-13D853673F00}.Release|Win32.Build.0 = Release|Win32
		{24768B8C-8D59-0A49-B151-13D853673F00}.Release|x64.ActiveCfg = Release|x64
		{24768B8C-8D59-0A49-B151-13D853673F00}.Release|x64.Build.0 = Release|x64
		{24768B8C-8D59-0A49-B151-13D853673F00}.Debug|Win32.ActiveCfg = Debug|Win32
		{24768B8C-8D59-0A49-B151-13D853673F00}.Debug|Win32.Build.0 = Debug|Win32
		{24768B8C-8D59-0A49-B151-13D853673F00}.Debug|x64.ActiveCfg = Debug|x64
		{24768B8C-8D59-0A49-B151-13D853673F00}.Debug|x64.Build.0 = Debug|x64
		{FBF9945D-AD3A-0948-B542-EE682305A0A3}.Release|Win32.ActiveCfg = Release|Win32
		{FBF9945D-AD3A-0948-B542-EE682305A0A3}.Release|Win32.Build.0 = Release|Win32
		{FBF9945D-AD3A-0948-B542-EE682305A0A3}.Release|x64.ActiveCfg = Release|x64
		{FBF9945D-AD3A-0948-B542-EE682305A0A3}.Release|x64.Build.0 = Release|x64
		{FBF9945D-AD3A-0948-B542-EE682305A0A3}.Debug|Win32.ActiveCfg = Debug|Win32
		{FBF9945D-AD3A-0948-B542-EE682305A0A3}.Debug|Win32.Build.0 = Debug|Win32
		{FBF9945D-AD3A-0948-B542-EE682305A0A3}.Debug|x64.ActiveCfg = Debug|x64
		{FBF9945D-AD3A-0948-B542-EE682305A0A3}.Debug|x64.Build.0 = Debug|x64
		{EAA04E6A-7503-E54D-AD14-87D43D7750F2}.Release|Win32.ActiveCfg = Release|Win32
		{EAA04E6A-7503-E54D-AD14-87D43D7750F2}.Release|Win32.Build.0 = Release|Win32
		{EAA04E6A-7503-E54D-AD14-87D43D7750F2}.Release|x64.ActiveCfg = Release|x64
		{EAA04E6A-7503-E54D-AD14-87D43D7750F2}.Release|x64.Build.0 = Release|x64
		{EAA04E6A-7503-E54D-AD14-87D43D7750F2}.Debug|Win32.ActiveCfg = Debug|Win32
		{EAA04E6A-7503-E54D-AD14-87D43D7750F2}.Debug|Win32.Build.0 = Debug|Win32
		{EAA04E6A-7503-E54D-AD14-87D43D7750F2}.Debug|x64.ActiveCfg = Debug|x64
		{EAA04E6A-7503-E54D-AD14-87D43D7750F2}.Debug|x64.Build.0 = Debug|x64
		{45F23BAA-F132-074C-AEE3-DEA9474CC501}.Release|Win32.ActiveCfg = Release|Win32
		{45F23BAA-F132-074C-AEE3-DEA9474CC501}.Release|Win32.Build.0 = Release|Win32
		{45F23BAA-F132-074C-AEE3-DEA9474CC501}.Release|x64.ActiveCfg = Release|x64
		{45F23BAA-F132-074C-AEE3-DEA9474CC501}.Release|x64.Build.0 = Release|x64
		{45F23BAA-F132-074C-AEE3-DEA9474CC501}.Debug|Win32.ActiveCfg = Debug|Win32
		{45F23BAA-F132-074C-AEE3-DEA9474CC501}.Debug|Win32.Build.0 = Debug|Win32
		{45F23BAA-F132-074C-AEE3-DEA9474CC501}.Debug|x64.ActiveCfg = Debug|x64
		{45F23BAA-F132-074C-AEE3-DEA9474CC501}.Debug|x64.Build.0 = Debug|x64
		{9D7D830E-6CBD-C341-AABA-E93782AAD5D3}.Release|Win32.ActiveCfg = Release|Win32
		{9D7D830E-6CBD-C341-AABA-E93782AAD5D3}.Release|Win32.Build.0 = Release|Win32
		{9D7D830E-6CBD-C341-AABA-E93782AAD5D3}.Release|x64.ActiveCfg = Release|x64
		{9D7D830E-6CBD-C341-AABA-E93782AAD5D3}.Release|x64.Build.0 = Release|x64
		{9D7D830E-6CBD-C341-AABA-E93782AAD5D3}.Debug|Win32.ActiveCfg = Debug|Win32
		{9D7D830E-6CBD-C341-AABA-E93782AAD5D3}.Debug|Win32.Build.0 = Debug|Win32
		{9D7D830E-6CBD-C341-AABA-E93782AAD5D3}.Debug|x64.ActiveCfg = Debug|x64
		{9D7D830E-6CBD-C341-AABA-E93782AAD5D3}.Debug|x64.Build.0 = Debug|x64
		{AC4A8F5A-821D-3647-AF23-C014AF8A5EA3}.Release|Win32.ActiveCfg = Release|Win32
		{AC4A8F5A-821D-3647-AF23-C014AF8A5EA3}.Release|Win32.Build.0 = Release|Win32
		{AC4A8F5A-821D-3647-AF23-C014AF8A5EA3}.Release|x64.ActiveCfg = Release|x64
		{AC4A8F5A-821D-3647-AF23-C014AF8A5EA3}.Release|x64.Build.0 = Release|x64
		{AC4A8F5A-821D-3647-AF23-C014AF8A5EA3}.Debug|Win32.ActiveCfg = Debug|Win32
		{AC4A8F5A-821D-3647-AF23-C014AF8A5EA3}.Debug|Win32.Build.0 = Debug|Win32
		{AC4A8F5A-821D-3647-AF23-C014AF8A5EA3}.Debug|x64.ActiveCfg = Debug|x64
		{AC4A8F5A-821D-3647-AF23-C014AF8A5EA3}.Debug|x64.Build.0 = Debug|x64
		{394EF1EF-F775-5E42-81D0-14AA6CCA1BAF}.Release|Win32.ActiveCfg = Release|Win32
		{394EF1EF-F775-5E42-81D0-14AA6CCA1BAF}.Release|Win32.Build.0 = Release|Win32
		{394EF1EF-F775-5E42-81D0-14AA6CCA1BAF}.Release|x64.ActiveCfg = Release|x64
		{394EF1EF-F775-5E42-81D0-14AA6CCA1BAF}.Release|x64.Build.0 = Release|x64
		{394EF1EF-F775-5E42-81D0-14AA6CCA1BAF}.Debug|Win32.ActiveCfg = Debug|Win32
		{394EF1EF-F775-5E42-81D0-14AA6CCA1BAF}.Debug|Win32.Build.0 = Debug|Win32
		{394EF1EF-F775-5E42-81D0-14AA6CCA1BAF}.Debug|x64.ActiveCfg = Debug|x64
		{394EF1EF-F775-5E42-81D0-14AA6CCA1BAF}.Debug|x64.Build.0 = Debug|x64
		{F7B5104F-7779-7A40-AF14-05298FE90B50}.Release|Win32.ActiveCfg = Release|Win32
		{F7B5104F-7779-7A40-AF14-05298FE90B50}.Release|Win32.Build.0 = Release|Win32
		{F7B5104F-7779-7A40-AF14-05298FE90B50}.Release|x64.ActiveCfg = Release|x64
		{F7B5104F-7779-7A40-AF14-05298FE90B50}.Release|x64.Build.0 = Release|x64
		{F7B5104F-7779-7A40-AF14-05298FE90B50}.Debug|Win32.ActiveCfg = Debug|Win32
		{F7B5104F-7779-7A40-AF14-05298FE90B50}.Debug|Win32.Build.0 = Debug|Win32
		{F7B5104F-7779-7A40-AF14-05298FE90B50}.Debug|x64.ActiveCfg = Debug|x64
		{F7B5104F-7779-7A40-AF14-05298FE90B50}.Debug|x64.Build.0 = Debug|x64
		{D5DEAA33-A732-0C4A-8446-B2133DE96B68}.Release|Win32.ActiveCfg = Release|Win32
		{D5DEAA33-A732-0C4A-8446-B2133DE96B68}.Release|Win32.Build.0 = Release|Win32
		{D5DEAA33-A732-0C4A-8446-B2133DE96B68}.Release|x64.ActiveCfg = Release|x64
		{D5DEAA33-A732-0C4A-8446-B2133DE96B68}.Release|x64.Build.0 = Release|x64
		{D5DEAA33-A732-0C4A-8446-B2133DE96B68}.Debug|Win32.ActiveCfg = Debug|Win32
		{D5DEAA33-A732-0C4A-8446-B2133DE96B68}.Debug|Win32.Build.0 = Debug|Win32
		{D5DEAA33-A732-0C4A-8446-B2133DE96B68}.Debug|x64.ActiveCfg = Debug|x64
		{D5DEAA33-A732-0C4A-8446-B2133DE96B68}.Debug|x64.Build.0 = Debug|x64
		{82DDF492-F35E-8947-9BA5-0DAEC972F690}.Release|Win32.ActiveCfg = Release|Win32
		{82DDF492-F35E-8947-9BA5-0DAEC972F690}.Release|Win32.Build.0 = Release|Win32
		{82DDF492-F35E-8947-9BA5-0DAEC972F690}.Release|x64.ActiveCfg = Release|x64
		{82DDF492-F35E-8947-9BA5-0DAEC972F690}.Release|x64.Build.0 = Release|x64
		{82DDF492-F35E-8947-9BA5-0DAEC972F690}.Debug|Win32.ActiveCfg = Debug|Win32
		{82DDF492-F35E-8947-9BA5-0DAEC972F690}.Debug|Win32.Build.0 = Debug|Win32
		{82DDF492-F35E-8947-9BA5-0DAEC972F690}.Debug|x64.ActiveCfg = Debug|x64
		{82DDF492-F35E-8947-9BA5-0DAEC972F690}.Debug|x64.Build.0 = Debug|x64
	EndGlobalSection
	GlobalSection(SolutionProperties) = preSolution
		HideSolutionNode = FALSE
	EndGlobalSection
EndGlobal
