<?xml version="1.0" encoding="utf-8"?>
<Project ToolsVersion="4.0" xmlns="http://schemas.microsoft.com/developer/msbuild/2003">
  <ItemGroup>
    <Filter Include="examples">
      <UniqueIdentifier>{B1315B9F-496A-6447-8736-FEE5BEB4E450}</UniqueIdentifier>
    </Filter>
    <Filter Include="examples\ThirdPartyLibs">
      <UniqueIdentifier>{49B0AE6E-5ED5-5A43-972D-5D8D328BDD14}</UniqueIdentifier>
    </Filter>
    <Filter Include="examples\ThirdPartyLibs\midi">
      <UniqueIdentifier>{867A65C6-87C1-1149-BEDB-6A018D024A60}</UniqueIdentifier>
    </Filter>
  </ItemGroup>
  <ItemGroup>
    <ClInclude Include="..\..\examples\ThirdPartyLibs\midi\RtError.h">
      <Filter>examples\ThirdPartyLibs\midi</Filter>
    </ClInclude>
    <ClInclude Include="..\..\examples\ThirdPartyLibs\midi\RtMidi.h">
      <Filter>examples\ThirdPartyLibs\midi</Filter>
    </ClInclude>
  </ItemGroup>
  <ItemGroup>
    <ClCompile Include="..\..\examples\ThirdPartyLibs\midi\cmidiin.cpp">
      <Filter>examples\ThirdPartyLibs\midi</Filter>
    </ClCompile>
    <ClCompile Include="..\..\examples\ThirdPartyLibs\midi\RtMidi.cpp">
      <Filter>examples\ThirdPartyLibs\midi</Filter>
    </ClCompile>
  </ItemGroup>
</Project>
