<?xml version="1.0" encoding="utf-8"?>
<Project ToolsVersion="4.0" xmlns="http://schemas.microsoft.com/developer/msbuild/2003">
  <ItemGroup>
    <Filter Include="test">
      <UniqueIdentifier>{FDD5C751-D1D7-8346-99C4-8A3F4E3F3635}</UniqueIdentifier>
    </Filter>
    <Filter Include="test\collision">
      <UniqueIdentifier>{6EC33E9B-CC16-9246-B0E2-BD873660C565}</UniqueIdentifier>
    </Filter>
    <Filter Include="src">
      <UniqueIdentifier>{D44BEC96-D2AF-A144-9E9B-5360BF52B17C}</UniqueIdentifier>
    </Filter>
    <Filter Include="src\BulletCollision">
      <UniqueIdentifier>{6426D8E1-863F-7E47-9B9E-B9E2A96FE1A4}</UniqueIdentifier>
    </Filter>
    <Filter Include="src\BulletCollision\NarrowPhaseCollision">
      <UniqueIdentifier>{ED1D5287-EDE5-724D-8FA1-06E61ED7BE94}</UniqueIdentifier>
    </Filter>
    <Filter Include="src\BulletCollision\CollisionShapes">
      <UniqueIdentifier>{20D8536D-3347-494D-B4B1-A1E230D845F1}</UniqueIdentifier>
    </Filter>
  </ItemGroup>
  <ItemGroup>
    <ClInclude Include="..\..\test\collision\btDistanceInfo.h">
      <Filter>test\collision</Filter>
    </ClInclude>
    <ClInclude Include="..\..\test\collision\SphereSphereCollision.h">
      <Filter>test\collision</Filter>
    </ClInclude>
    <ClInclude Include="..\..\src\BulletCollision\NarrowPhaseCollision\btVoronoiSimplexSolver.h">
      <Filter>src\BulletCollision\NarrowPhaseCollision</Filter>
    </ClInclude>
  </ItemGroup>
  <ItemGroup>
    <ClCompile Include="..\..\test\collision\main.cpp">
      <Filter>test\collision</Filter>
    </ClCompile>
    <ClCompile Include="..\..\src\BulletCollision\NarrowPhaseCollision\btVoronoiSimplexSolver.cpp">
      <Filter>src\BulletCollision\NarrowPhaseCollision</Filter>
    </ClCompile>
    <ClCompile Include="..\..\src\BulletCollision\CollisionShapes\btSphereShape.cpp">
      <Filter>src\BulletCollision\CollisionShapes</Filter>
    </ClCompile>
    <ClCompile Include="..\..\src\BulletCollision\CollisionShapes\btMultiSphereShape.cpp">
      <Filter>src\BulletCollision\CollisionShapes</Filter>
    </ClCompile>
    <ClCompile Include="..\..\src\BulletCollision\CollisionShapes\btPolyhedralConvexShape.cpp">
      <Filter>src\BulletCollision\CollisionShapes</Filter>
    </ClCompile>
    <ClCompile Include="..\..\src\BulletCollision\CollisionShapes\btConvexShape.cpp">
      <Filter>src\BulletCollision\CollisionShapes</Filter>
    </ClCompile>
    <ClCompile Include="..\..\src\BulletCollision\CollisionShapes\btConvexInternalShape.cpp">
      <Filter>src\BulletCollision\CollisionShapes</Filter>
    </ClCompile>
    <ClCompile Include="..\..\src\BulletCollision\CollisionShapes\btCollisionShape.cpp">
      <Filter>src\BulletCollision\CollisionShapes</Filter>
    </ClCompile>
    <ClCompile Include="..\..\src\BulletCollision\CollisionShapes\btConvexPolyhedron.cpp">
      <Filter>src\BulletCollision\CollisionShapes</Filter>
    </ClCompile>
  </ItemGroup>
</Project>
