<?xml version="1.0" encoding="utf-8"?>
<Project ToolsVersion="4.0" xmlns="http://schemas.microsoft.com/developer/msbuild/2003">
  <ItemGroup>
    <Filter Include="Extras">
      <UniqueIdentifier>{8EB58A33-FE4C-414D-AD4A-297443BD7A48}</UniqueIdentifier>
    </Filter>
    <Filter Include="Extras\VHACD">
      <UniqueIdentifier>{1A1B62C4-AD6C-8645-9B43-366226EE765B}</UniqueIdentifier>
    </Filter>
    <Filter Include="Extras\VHACD\src">
      <UniqueIdentifier>{6582CB6B-CB24-9448-A2FC-93E8B5F8F8A1}</UniqueIdentifier>
    </Filter>
  </ItemGroup>
  <ItemGroup>
    <ClCompile Include="..\..\Extras\VHACD\src\btAlignedAllocator.cpp">
      <Filter>Extras\VHACD\src</Filter>
    </ClCompile>
    <ClCompile Include="..\..\Extras\VHACD\src\btConvexHullComputer.cpp">
      <Filter>Extras\VHACD\src</Filter>
    </ClCompile>
    <ClCompile Include="..\..\Extras\VHACD\src\VHACD.cpp">
      <Filter>Extras\VHACD\src</Filter>
    </ClCompile>
    <ClCompile Include="..\..\Extras\VHACD\src\vhacdICHull.cpp">
      <Filter>Extras\VHACD\src</Filter>
    </ClCompile>
    <ClCompile Include="..\..\Extras\VHACD\src\vhacdManifoldMesh.cpp">
      <Filter>Extras\VHACD\src</Filter>
    </ClCompile>
    <ClCompile Include="..\..\Extras\VHACD\src\vhacdMesh.cpp">
      <Filter>Extras\VHACD\src</Filter>
    </ClCompile>
    <ClCompile Include="..\..\Extras\VHACD\src\vhacdVolume.cpp">
      <Filter>Extras\VHACD\src</Filter>
    </ClCompile>
  </ItemGroup>
</Project>
